// !$*UTF8*$!
{
	archiveVersion = 1;
	classes = {
	};
	objectVersion = 46;
	objects = {

/* Begin PBXBuildFile section */
		2C26493B1B7996D3000BEC40 /* CardDataModel.xcdatamodeld in Sources */ = {isa = PBXBuildFile; fileRef = 2C2649311B7996D3000BEC40 /* CardDataModel.xcdatamodeld */; };
		2C26493C1B7996D3000BEC40 /* DigidexKit.m in Sources */ = {isa = PBXBuildFile; fileRef = 2C2649341B7996D3000BEC40 /* DigidexKit.m */; };
		2C26493D1B7996D3000BEC40 /* DKDataStore.m in Sources */ = {isa = PBXBuildFile; fileRef = 2C2649361B7996D3000BEC40 /* DKDataStore.m */; };
		2C26493E1B7996D3000BEC40 /* DKManagedCard.m in Sources */ = {isa = PBXBuildFile; fileRef = 2C2649381B7996D3000BEC40 /* DKManagedCard.m */; };
		2C26493F1B7996D3000BEC40 /* DKManagedTag.m in Sources */ = {isa = PBXBuildFile; fileRef = 2C26493A1B7996D3000BEC40 /* DKManagedTag.m */; };
		2C2649421B7A5C03000BEC40 /* DPCardCellView.m in Sources */ = {isa = PBXBuildFile; fileRef = 2C2649411B7A5C03000BEC40 /* DPCardCellView.m */; };
		2CF994911B79443000140B3B /* Foundation.framework in Frameworks */ = {isa = PBXBuildFile; fileRef = 2CF994901B79443000140B3B /* Foundation.framework */; };
		2CF994931B79443000140B3B /* CoreGraphics.framework in Frameworks */ = {isa = PBXBuildFile; fileRef = 2CF994921B79443000140B3B /* CoreGraphics.framework */; };
		2CF994951B79443000140B3B /* UIKit.framework in Frameworks */ = {isa = PBXBuildFile; fileRef = 2CF994941B79443000140B3B /* UIKit.framework */; };
		2CF9949B1B79443000140B3B /* InfoPlist.strings in Resources */ = {isa = PBXBuildFile; fileRef = 2CF994991B79443000140B3B /* InfoPlist.strings */; };
		2CF9949D1B79443000140B3B /* main.m in Sources */ = {isa = PBXBuildFile; fileRef = 2CF9949C1B79443000140B3B /* main.m */; };
		2CF994A11B79443000140B3B /* DPAppDelegate.m in Sources */ = {isa = PBXBuildFile; fileRef = 2CF994A01B79443000140B3B /* DPAppDelegate.m */; };
		2CF994A41B79443000140B3B /* Main_iPhone.storyboard in Resources */ = {isa = PBXBuildFile; fileRef = 2CF994A21B79443000140B3B /* Main_iPhone.storyboard */; };
		2CF994A71B79443000140B3B /* Main_iPad.storyboard in Resources */ = {isa = PBXBuildFile; fileRef = 2CF994A51B79443000140B3B /* Main_iPad.storyboard */; };
		2CF994AC1B79443000140B3B /* Images.xcassets in Resources */ = {isa = PBXBuildFile; fileRef = 2CF994AB1B79443000140B3B /* Images.xcassets */; };
		2CF994B31B79443000140B3B /* XCTest.framework in Frameworks */ = {isa = PBXBuildFile; fileRef = 2CF994B21B79443000140B3B /* XCTest.framework */; };
		2CF994B41B79443000140B3B /* Foundation.framework in Frameworks */ = {isa = PBXBuildFile; fileRef = 2CF994901B79443000140B3B /* Foundation.framework */; };
		2CF994B51B79443000140B3B /* UIKit.framework in Frameworks */ = {isa = PBXBuildFile; fileRef = 2CF994941B79443000140B3B /* UIKit.framework */; };
		2CF994BD1B79443000140B3B /* InfoPlist.strings in Resources */ = {isa = PBXBuildFile; fileRef = 2CF994BB1B79443000140B3B /* InfoPlist.strings */; };
		2CF994BF1B79443000140B3B /* Digidex_ProTests.m in Sources */ = {isa = PBXBuildFile; fileRef = 2CF994BE1B79443000140B3B /* Digidex_ProTests.m */; };
		2CF994CA1B79495600140B3B /* CHTCollectionViewWaterfallLayout.m in Sources */ = {isa = PBXBuildFile; fileRef = 2CF994C91B79495600140B3B /* CHTCollectionViewWaterfallLayout.m */; };
		2CF994CD1B7949F400140B3B /* DPRootCollectionViewController.m in Sources */ = {isa = PBXBuildFile; fileRef = 2CF994CC1B7949F400140B3B /* DPRootCollectionViewController.m */; };
		2CFBC9CD1B7B8FF800705932 /* DPImageTableViewCell.m in Sources */ = {isa = PBXBuildFile; fileRef = 2CFBC9CC1B7B8FF800705932 /* DPImageTableViewCell.m */; };
		2CFBC9D01B7B93B700705932 /* DPTitleTableViewCell.m in Sources */ = {isa = PBXBuildFile; fileRef = 2CFBC9CF1B7B93B700705932 /* DPTitleTableViewCell.m */; };
		2CFBC9D31B7B93C000705932 /* DPDetailTableViewCell.m in Sources */ = {isa = PBXBuildFile; fileRef = 2CFBC9D21B7B93C000705932 /* DPDetailTableViewCell.m */; };
		2CFBC9D71B7B953900705932 /* DPDetailTableViewController.m in Sources */ = {isa = PBXBuildFile; fileRef = 2CFBC9D61B7B953900705932 /* DPDetailTableViewController.m */; };
/* End PBXBuildFile section */

/* Begin PBXContainerItemProxy section */
		2CF994B61B79443000140B3B /* PBXContainerItemProxy */ = {
			isa = PBXContainerItemProxy;
			containerPortal = 2CF994851B79443000140B3B /* Project object */;
			proxyType = 1;
			remoteGlobalIDString = 2CF9948C1B79443000140B3B;
			remoteInfo = "Digidex Pro";
		};
/* End PBXContainerItemProxy section */

/* Begin PBXFileReference section */
		2C2649081B798C87000BEC40 /* libDigidexKit.a */ = {isa = PBXFileReference; lastKnownFileType = archive.ar; name = libDigidexKit.a; path = "../../Library/Developer/Xcode/DerivedData/Digidex-cxcukeqfygeewpaleogxstwtarqg/Build/Products/Debug-iphoneos/libDigidexKit.a"; sourceTree = "<group>"; };
		2C2649321B7996D3000BEC40 /* CardDataModel.xcdatamodel */ = {isa = PBXFileReference; lastKnownFileType = wrapper.xcdatamodel; path = CardDataModel.xcdatamodel; sourceTree = "<group>"; };
		2C2649331B7996D3000BEC40 /* DigidexKit.h */ = {isa = PBXFileReference; fileEncoding = 4; lastKnownFileType = sourcecode.c.h; path = DigidexKit.h; sourceTree = "<group>"; };
		2C2649341B7996D3000BEC40 /* DigidexKit.m */ = {isa = PBXFileReference; fileEncoding = 4; lastKnownFileType = sourcecode.c.objc; path = DigidexKit.m; sourceTree = "<group>"; };
		2C2649351B7996D3000BEC40 /* DKDataStore.h */ = {isa = PBXFileReference; fileEncoding = 4; lastKnownFileType = sourcecode.c.h; path = DKDataStore.h; sourceTree = "<group>"; };
		2C2649361B7996D3000BEC40 /* DKDataStore.m */ = {isa = PBXFileReference; fileEncoding = 4; lastKnownFileType = sourcecode.c.objc; path = DKDataStore.m; sourceTree = "<group>"; };
		2C2649371B7996D3000BEC40 /* DKManagedCard.h */ = {isa = PBXFileReference; fileEncoding = 4; lastKnownFileType = sourcecode.c.h; path = DKManagedCard.h; sourceTree = "<group>"; };
		2C2649381B7996D3000BEC40 /* DKManagedCard.m */ = {isa = PBXFileReference; fileEncoding = 4; lastKnownFileType = sourcecode.c.objc; path = DKManagedCard.m; sourceTree = "<group>"; };
		2C2649391B7996D3000BEC40 /* DKManagedTag.h */ = {isa = PBXFileReference; fileEncoding = 4; lastKnownFileType = sourcecode.c.h; path = DKManagedTag.h; sourceTree = "<group>"; };
		2C26493A1B7996D3000BEC40 /* DKManagedTag.m */ = {isa = PBXFileReference; fileEncoding = 4; lastKnownFileType = sourcecode.c.objc; path = DKManagedTag.m; sourceTree = "<group>"; };
		2C2649401B7A5C03000BEC40 /* DPCardCellView.h */ = {isa = PBXFileReference; fileEncoding = 4; lastKnownFileType = sourcecode.c.h; path = DPCardCellView.h; sourceTree = "<group>"; };
		2C2649411B7A5C03000BEC40 /* DPCardCellView.m */ = {isa = PBXFileReference; fileEncoding = 4; lastKnownFileType = sourcecode.c.objc; path = DPCardCellView.m; sourceTree = "<group>"; };
		2CF9948D1B79443000140B3B /* Digidex Pro.app */ = {isa = PBXFileReference; explicitFileType = wrapper.application; includeInIndex = 0; path = "Digidex Pro.app"; sourceTree = BUILT_PRODUCTS_DIR; };
		2CF994901B79443000140B3B /* Foundation.framework */ = {isa = PBXFileReference; lastKnownFileType = wrapper.framework; name = Foundation.framework; path = System/Library/Frameworks/Foundation.framework; sourceTree = SDKROOT; };
		2CF994921B79443000140B3B /* CoreGraphics.framework */ = {isa = PBXFileReference; lastKnownFileType = wrapper.framework; name = CoreGraphics.framework; path = System/Library/Frameworks/CoreGraphics.framework; sourceTree = SDKROOT; };
		2CF994941B79443000140B3B /* UIKit.framework */ = {isa = PBXFileReference; lastKnownFileType = wrapper.framework; name = UIKit.framework; path = System/Library/Frameworks/UIKit.framework; sourceTree = SDKROOT; };
		2CF994981B79443000140B3B /* Digidex Pro-Info.plist */ = {isa = PBXFileReference; lastKnownFileType = text.plist.xml; path = "Digidex Pro-Info.plist"; sourceTree = "<group>"; };
		2CF9949A1B79443000140B3B /* en */ = {isa = PBXFileReference; lastKnownFileType = text.plist.strings; name = en; path = en.lproj/InfoPlist.strings; sourceTree = "<group>"; };
		2CF9949C1B79443000140B3B /* main.m */ = {isa = PBXFileReference; lastKnownFileType = sourcecode.c.objc; path = main.m; sourceTree = "<group>"; };
		2CF9949E1B79443000140B3B /* Digidex Pro-Prefix.pch */ = {isa = PBXFileReference; lastKnownFileType = sourcecode.c.h; path = "Digidex Pro-Prefix.pch"; sourceTree = "<group>"; };
		2CF9949F1B79443000140B3B /* DPAppDelegate.h */ = {isa = PBXFileReference; lastKnownFileType = sourcecode.c.h; path = DPAppDelegate.h; sourceTree = "<group>"; };
		2CF994A01B79443000140B3B /* DPAppDelegate.m */ = {isa = PBXFileReference; lastKnownFileType = sourcecode.c.objc; path = DPAppDelegate.m; sourceTree = "<group>"; };
		2CF994A31B79443000140B3B /* Base */ = {isa = PBXFileReference; lastKnownFileType = file.storyboard; name = Base; path = Base.lproj/Main_iPhone.storyboard; sourceTree = "<group>"; };
		2CF994A61B79443000140B3B /* Base */ = {isa = PBXFileReference; lastKnownFileType = file.storyboard; name = Base; path = Base.lproj/Main_iPad.storyboard; sourceTree = "<group>"; };
		2CF994AB1B79443000140B3B /* Images.xcassets */ = {isa = PBXFileReference; lastKnownFileType = folder.assetcatalog; path = Images.xcassets; sourceTree = "<group>"; };
		2CF994B11B79443000140B3B /* Digidex ProTests.xctest */ = {isa = PBXFileReference; explicitFileType = wrapper.cfbundle; includeInIndex = 0; path = "Digidex ProTests.xctest"; sourceTree = BUILT_PRODUCTS_DIR; };
		2CF994B21B79443000140B3B /* XCTest.framework */ = {isa = PBXFileReference; lastKnownFileType = wrapper.framework; name = XCTest.framework; path = Library/Frameworks/XCTest.framework; sourceTree = DEVELOPER_DIR; };
		2CF994BA1B79443000140B3B /* Digidex ProTests-Info.plist */ = {isa = PBXFileReference; lastKnownFileType = text.plist.xml; path = "Digidex ProTests-Info.plist"; sourceTree = "<group>"; };
		2CF994BC1B79443000140B3B /* en */ = {isa = PBXFileReference; lastKnownFileType = text.plist.strings; name = en; path = en.lproj/InfoPlist.strings; sourceTree = "<group>"; };
		2CF994BE1B79443000140B3B /* Digidex_ProTests.m */ = {isa = PBXFileReference; lastKnownFileType = sourcecode.c.objc; path = Digidex_ProTests.m; sourceTree = "<group>"; };
		2CF994C81B79495600140B3B /* CHTCollectionViewWaterfallLayout.h */ = {isa = PBXFileReference; fileEncoding = 4; lastKnownFileType = sourcecode.c.h; path = CHTCollectionViewWaterfallLayout.h; sourceTree = "<group>"; };
		2CF994C91B79495600140B3B /* CHTCollectionViewWaterfallLayout.m */ = {isa = PBXFileReference; fileEncoding = 4; lastKnownFileType = sourcecode.c.objc; path = CHTCollectionViewWaterfallLayout.m; sourceTree = "<group>"; };
		2CF994CB1B7949F400140B3B /* DPRootCollectionViewController.h */ = {isa = PBXFileReference; fileEncoding = 4; lastKnownFileType = sourcecode.c.h; path = DPRootCollectionViewController.h; sourceTree = "<group>"; };
		2CF994CC1B7949F400140B3B /* DPRootCollectionViewController.m */ = {isa = PBXFileReference; fileEncoding = 4; lastKnownFileType = sourcecode.c.objc; path = DPRootCollectionViewController.m; sourceTree = "<group>"; };
		2CFBC9CB1B7B8FF800705932 /* DPImageTableViewCell.h */ = {isa = PBXFileReference; fileEncoding = 4; lastKnownFileType = sourcecode.c.h; path = DPImageTableViewCell.h; sourceTree = "<group>"; };
		2CFBC9CC1B7B8FF800705932 /* DPImageTableViewCell.m */ = {isa = PBXFileReference; fileEncoding = 4; lastKnownFileType = sourcecode.c.objc; path = DPImageTableViewCell.m; sourceTree = "<group>"; };
		2CFBC9CE1B7B93B700705932 /* DPTitleTableViewCell.h */ = {isa = PBXFileReference; fileEncoding = 4; lastKnownFileType = sourcecode.c.h; path = DPTitleTableViewCell.h; sourceTree = "<group>"; };
		2CFBC9CF1B7B93B700705932 /* DPTitleTableViewCell.m */ = {isa = PBXFileReference; fileEncoding = 4; lastKnownFileType = sourcecode.c.objc; path = DPTitleTableViewCell.m; sourceTree = "<group>"; };
		2CFBC9D11B7B93C000705932 /* DPDetailTableViewCell.h */ = {isa = PBXFileReference; fileEncoding = 4; lastKnownFileType = sourcecode.c.h; path = DPDetailTableViewCell.h; sourceTree = "<group>"; };
		2CFBC9D21B7B93C000705932 /* DPDetailTableViewCell.m */ = {isa = PBXFileReference; fileEncoding = 4; lastKnownFileType = sourcecode.c.objc; path = DPDetailTableViewCell.m; sourceTree = "<group>"; };
		2CFBC9D51B7B953900705932 /* DPDetailTableViewController.h */ = {isa = PBXFileReference; fileEncoding = 4; lastKnownFileType = sourcecode.c.h; path = DPDetailTableViewController.h; sourceTree = "<group>"; };
		2CFBC9D61B7B953900705932 /* DPDetailTableViewController.m */ = {isa = PBXFileReference; fileEncoding = 4; lastKnownFileType = sourcecode.c.objc; path = DPDetailTableViewController.m; sourceTree = "<group>"; };
/* End PBXFileReference section */

/* Begin PBXFrameworksBuildPhase section */
		2CF9948A1B79443000140B3B /* Frameworks */ = {
			isa = PBXFrameworksBuildPhase;
			buildActionMask = 2147483647;
			files = (
				2CF994931B79443000140B3B /* CoreGraphics.framework in Frameworks */,
				2CF994951B79443000140B3B /* UIKit.framework in Frameworks */,
				2CF994911B79443000140B3B /* Foundation.framework in Frameworks */,
			);
			runOnlyForDeploymentPostprocessing = 0;
		};
		2CF994AE1B79443000140B3B /* Frameworks */ = {
			isa = PBXFrameworksBuildPhase;
			buildActionMask = 2147483647;
			files = (
				2CF994B31B79443000140B3B /* XCTest.framework in Frameworks */,
				2CF994B51B79443000140B3B /* UIKit.framework in Frameworks */,
				2CF994B41B79443000140B3B /* Foundation.framework in Frameworks */,
			);
			runOnlyForDeploymentPostprocessing = 0;
		};
/* End PBXFrameworksBuildPhase section */

/* Begin PBXGroup section */
		2C26491F1B799566000BEC40 /* Digidex Kit */ = {
			isa = PBXGroup;
			children = (
				2C2649311B7996D3000BEC40 /* CardDataModel.xcdatamodeld */,
				2C2649331B7996D3000BEC40 /* DigidexKit.h */,
				2C2649341B7996D3000BEC40 /* DigidexKit.m */,
				2C2649351B7996D3000BEC40 /* DKDataStore.h */,
				2C2649361B7996D3000BEC40 /* DKDataStore.m */,
				2C2649371B7996D3000BEC40 /* DKManagedCard.h */,
				2C2649381B7996D3000BEC40 /* DKManagedCard.m */,
				2C2649391B7996D3000BEC40 /* DKManagedTag.h */,
				2C26493A1B7996D3000BEC40 /* DKManagedTag.m */,
			);
			name = "Digidex Kit";
			sourceTree = "<group>";
		};
		2CF994841B79443000140B3B = {
			isa = PBXGroup;
			children = (
				2CF994961B79443000140B3B /* Digidex Pro */,
				2CF994B81B79443000140B3B /* Digidex ProTests */,
				2CF9948F1B79443000140B3B /* Frameworks */,
				2CF9948E1B79443000140B3B /* Products */,
			);
			sourceTree = "<group>";
		};
		2CF9948E1B79443000140B3B /* Products */ = {
			isa = PBXGroup;
			children = (
				2CF9948D1B79443000140B3B /* Digidex Pro.app */,
				2CF994B11B79443000140B3B /* Digidex ProTests.xctest */,
			);
			name = Products;
			sourceTree = "<group>";
		};
		2CF9948F1B79443000140B3B /* Frameworks */ = {
			isa = PBXGroup;
			children = (
				2C2649081B798C87000BEC40 /* libDigidexKit.a */,
				2CF994901B79443000140B3B /* Foundation.framework */,
				2CF994921B79443000140B3B /* CoreGraphics.framework */,
				2CF994941B79443000140B3B /* UIKit.framework */,
				2CF994B21B79443000140B3B /* XCTest.framework */,
			);
			name = Frameworks;
			sourceTree = "<group>";
		};
		2CF994961B79443000140B3B /* Digidex Pro */ = {
			isa = PBXGroup;
			children = (
				2C26491F1B799566000BEC40 /* Digidex Kit */,
				2CF9949F1B79443000140B3B /* DPAppDelegate.h */,
				2CF994A01B79443000140B3B /* DPAppDelegate.m */,
				2CF994A21B79443000140B3B /* Main_iPhone.storyboard */,
				2CF994A51B79443000140B3B /* Main_iPad.storyboard */,
				2CF994C81B79495600140B3B /* CHTCollectionViewWaterfallLayout.h */,
				2CF994C91B79495600140B3B /* CHTCollectionViewWaterfallLayout.m */,
				2CF994CB1B7949F400140B3B /* DPRootCollectionViewController.h */,
				2CF994CC1B7949F400140B3B /* DPRootCollectionViewController.m */,
				2C2649401B7A5C03000BEC40 /* DPCardCellView.h */,
				2C2649411B7A5C03000BEC40 /* DPCardCellView.m */,
				2CFBC9D41B7B93D200705932 /* Detail Table View */,
				2CF994AB1B79443000140B3B /* Images.xcassets */,
				2CF994971B79443000140B3B /* Supporting Files */,
			);
			path = "Digidex Pro";
			sourceTree = "<group>";
		};
		2CF994971B79443000140B3B /* Supporting Files */ = {
			isa = PBXGroup;
			children = (
				2CF994981B79443000140B3B /* Digidex Pro-Info.plist */,
				2CF994991B79443000140B3B /* InfoPlist.strings */,
				2CF9949C1B79443000140B3B /* main.m */,
				2CF9949E1B79443000140B3B /* Digidex Pro-Prefix.pch */,
			);
			name = "Supporting Files";
			sourceTree = "<group>";
		};
		2CF994B81B79443000140B3B /* Digidex ProTests */ = {
			isa = PBXGroup;
			children = (
				2CF994BE1B79443000140B3B /* Digidex_ProTests.m */,
				2CF994B91B79443000140B3B /* Supporting Files */,
			);
			path = "Digidex ProTests";
			sourceTree = "<group>";
		};
		2CF994B91B79443000140B3B /* Supporting Files */ = {
			isa = PBXGroup;
			children = (
				2CF994BA1B79443000140B3B /* Digidex ProTests-Info.plist */,
				2CF994BB1B79443000140B3B /* InfoPlist.strings */,
			);
			name = "Supporting Files";
			sourceTree = "<group>";
		};
		2CFBC9D41B7B93D200705932 /* Detail Table View */ = {
			isa = PBXGroup;
			children = (
				2CFBC9D51B7B953900705932 /* DPDetailTableViewController.h */,
				2CFBC9D61B7B953900705932 /* DPDetailTableViewController.m */,
				2CFBC9CB1B7B8FF800705932 /* DPImageTableViewCell.h */,
				2CFBC9CC1B7B8FF800705932 /* DPImageTableViewCell.m */,
				2CFBC9CE1B7B93B700705932 /* DPTitleTableViewCell.h */,
				2CFBC9CF1B7B93B700705932 /* DPTitleTableViewCell.m */,
				2CFBC9D11B7B93C000705932 /* DPDetailTableViewCell.h */,
				2CFBC9D21B7B93C000705932 /* DPDetailTableViewCell.m */,
			);
			name = "Detail Table View";
			sourceTree = "<group>";
		};
/* End PBXGroup section */

/* Begin PBXNativeTarget section */
		2CF9948C1B79443000140B3B /* Digidex Pro */ = {
			isa = PBXNativeTarget;
			buildConfigurationList = 2CF994C21B79443000140B3B /* Build configuration list for PBXNativeTarget "Digidex Pro" */;
			buildPhases = (
				2CF994891B79443000140B3B /* Sources */,
				2CF9948A1B79443000140B3B /* Frameworks */,
				2CF9948B1B79443000140B3B /* Resources */,
			);
			buildRules = (
			);
			dependencies = (
			);
			name = "Digidex Pro";
			productName = "Digidex Pro";
			productReference = 2CF9948D1B79443000140B3B /* Digidex Pro.app */;
			productType = "com.apple.product-type.application";
		};
		2CF994B01B79443000140B3B /* Digidex ProTests */ = {
			isa = PBXNativeTarget;
			buildConfigurationList = 2CF994C51B79443000140B3B /* Build configuration list for PBXNativeTarget "Digidex ProTests" */;
			buildPhases = (
				2CF994AD1B79443000140B3B /* Sources */,
				2CF994AE1B79443000140B3B /* Frameworks */,
				2CF994AF1B79443000140B3B /* Resources */,
			);
			buildRules = (
			);
			dependencies = (
				2CF994B71B79443000140B3B /* PBXTargetDependency */,
			);
			name = "Digidex ProTests";
			productName = "Digidex ProTests";
			productReference = 2CF994B11B79443000140B3B /* Digidex ProTests.xctest */;
			productType = "com.apple.product-type.bundle.unit-test";
		};
/* End PBXNativeTarget section */

/* Begin PBXProject section */
		2CF994851B79443000140B3B /* Project object */ = {
			isa = PBXProject;
			attributes = {
				CLASSPREFIX = DP;
				LastUpgradeCheck = 0510;
				ORGANIZATIONNAME = "Avery Pierce";
				TargetAttributes = {
					2CF9948C1B79443000140B3B = {
						DevelopmentTeam = BU7LJXTUEW;
					};
					2CF994B01B79443000140B3B = {
						TestTargetID = 2CF9948C1B79443000140B3B;
					};
				};
			};
			buildConfigurationList = 2CF994881B79443000140B3B /* Build configuration list for PBXProject "Digidex Pro" */;
			compatibilityVersion = "Xcode 3.2";
			developmentRegion = English;
			hasScannedForEncodings = 0;
			knownRegions = (
				en,
				Base,
			);
			mainGroup = 2CF994841B79443000140B3B;
			productRefGroup = 2CF9948E1B79443000140B3B /* Products */;
			projectDirPath = "";
			projectRoot = "";
			targets = (
				2CF9948C1B79443000140B3B /* Digidex Pro */,
				2CF994B01B79443000140B3B /* Digidex ProTests */,
			);
		};
/* End PBXProject section */

/* Begin PBXResourcesBuildPhase section */
		2CF9948B1B79443000140B3B /* Resources */ = {
			isa = PBXResourcesBuildPhase;
			buildActionMask = 2147483647;
			files = (
				2CF994A71B79443000140B3B /* Main_iPad.storyboard in Resources */,
				2CF994AC1B79443000140B3B /* Images.xcassets in Resources */,
				2CF994A41B79443000140B3B /* Main_iPhone.storyboard in Resources */,
				2CF9949B1B79443000140B3B /* InfoPlist.strings in Resources */,
			);
			runOnlyForDeploymentPostprocessing = 0;
		};
		2CF994AF1B79443000140B3B /* Resources */ = {
			isa = PBXResourcesBuildPhase;
			buildActionMask = 2147483647;
			files = (
				2CF994BD1B79443000140B3B /* InfoPlist.strings in Resources */,
			);
			runOnlyForDeploymentPostprocessing = 0;
		};
/* End PBXResourcesBuildPhase section */

/* Begin PBXSourcesBuildPhase section */
		2CF994891B79443000140B3B /* Sources */ = {
			isa = PBXSourcesBuildPhase;
			buildActionMask = 2147483647;
			files = (
				2C26493E1B7996D3000BEC40 /* DKManagedCard.m in Sources */,
				2C26493F1B7996D3000BEC40 /* DKManagedTag.m in Sources */,
				2CFBC9D71B7B953900705932 /* DPDetailTableViewController.m in Sources */,
				2CF994CD1B7949F400140B3B /* DPRootCollectionViewController.m in Sources */,
				2C26493D1B7996D3000BEC40 /* DKDataStore.m in Sources */,
				2CFBC9CD1B7B8FF800705932 /* DPImageTableViewCell.m in Sources */,
				2CF994A11B79443000140B3B /* DPAppDelegate.m in Sources */,
				2CF9949D1B79443000140B3B /* main.m in Sources */,
				2C2649421B7A5C03000BEC40 /* DPCardCellView.m in Sources */,
				2C26493C1B7996D3000BEC40 /* DigidexKit.m in Sources */,
				2C26493B1B7996D3000BEC40 /* CardDataModel.xcdatamodeld in Sources */,
				2CFBC9D01B7B93B700705932 /* DPTitleTableViewCell.m in Sources */,
				2CFBC9D31B7B93C000705932 /* DPDetailTableViewCell.m in Sources */,
				2CF994CA1B79495600140B3B /* CHTCollectionViewWaterfallLayout.m in Sources */,
			);
			runOnlyForDeploymentPostprocessing = 0;
		};
		2CF994AD1B79443000140B3B /* Sources */ = {
			isa = PBXSourcesBuildPhase;
			buildActionMask = 2147483647;
			files = (
				2CF994BF1B79443000140B3B /* Digidex_ProTests.m in Sources */,
			);
			runOnlyForDeploymentPostprocessing = 0;
		};
/* End PBXSourcesBuildPhase section */

/* Begin PBXTargetDependency section */
		2CF994B71B79443000140B3B /* PBXTargetDependency */ = {
			isa = PBXTargetDependency;
			target = 2CF9948C1B79443000140B3B /* Digidex Pro */;
			targetProxy = 2CF994B61B79443000140B3B /* PBXContainerItemProxy */;
		};
/* End PBXTargetDependency section */

/* Begin PBXVariantGroup section */
		2CF994991B79443000140B3B /* InfoPlist.strings */ = {
			isa = PBXVariantGroup;
			children = (
				2CF9949A1B79443000140B3B /* en */,
			);
			name = InfoPlist.strings;
			sourceTree = "<group>";
		};
		2CF994A21B79443000140B3B /* Main_iPhone.storyboard */ = {
			isa = PBXVariantGroup;
			children = (
				2CF994A31B79443000140B3B /* Base */,
			);
			name = Main_iPhone.storyboard;
			sourceTree = "<group>";
		};
		2CF994A51B79443000140B3B /* Main_iPad.storyboard */ = {
			isa = PBXVariantGroup;
			children = (
				2CF994A61B79443000140B3B /* Base */,
			);
			name = Main_iPad.storyboard;
			sourceTree = "<group>";
		};
		2CF994BB1B79443000140B3B /* InfoPlist.strings */ = {
			isa = PBXVariantGroup;
			children = (
				2CF994BC1B79443000140B3B /* en */,
			);
			name = InfoPlist.strings;
			sourceTree = "<group>";
		};
/* End PBXVariantGroup section */

/* Begin XCBuildConfiguration section */
		2CF994C01B79443000140B3B /* Debug */ = {
			isa = XCBuildConfiguration;
			buildSettings = {
				ALWAYS_SEARCH_USER_PATHS = NO;
				CLANG_CXX_LANGUAGE_STANDARD = "gnu++0x";
				CLANG_CXX_LIBRARY = "libc++";
				CLANG_ENABLE_MODULES = YES;
				CLANG_ENABLE_OBJC_ARC = YES;
				CLANG_WARN_BOOL_CONVERSION = YES;
				CLANG_WARN_CONSTANT_CONVERSION = YES;
				CLANG_WARN_DIRECT_OBJC_ISA_USAGE = YES_ERROR;
				CLANG_WARN_EMPTY_BODY = YES;
				CLANG_WARN_ENUM_CONVERSION = YES;
				CLANG_WARN_INT_CONVERSION = YES;
				CLANG_WARN_OBJC_ROOT_CLASS = YES_ERROR;
				CLANG_WARN__DUPLICATE_METHOD_MATCH = YES;
				"CODE_SIGN_IDENTITY[sdk=iphoneos*]" = "iPhone Developer";
				COPY_PHASE_STRIP = NO;
				GCC_C_LANGUAGE_STANDARD = gnu99;
				GCC_DYNAMIC_NO_PIC = NO;
				GCC_OPTIMIZATION_LEVEL = 0;
				GCC_PREPROCESSOR_DEFINITIONS = (
					"DEBUG=1",
					"$(inherited)",
				);
				GCC_SYMBOLS_PRIVATE_EXTERN = NO;
				GCC_WARN_64_TO_32_BIT_CONVERSION = YES;
				GCC_WARN_ABOUT_RETURN_TYPE = YES_ERROR;
				GCC_WARN_UNDECLARED_SELECTOR = YES;
				GCC_WARN_UNINITIALIZED_AUTOS = YES_AGGRESSIVE;
				GCC_WARN_UNUSED_FUNCTION = YES;
				GCC_WARN_UNUSED_VARIABLE = YES;
				IPHONEOS_DEPLOYMENT_TARGET = 7.1;
				ONLY_ACTIVE_ARCH = YES;
				SDKROOT = iphoneos;
				TARGETED_DEVICE_FAMILY = "1,2";
			};
			name = Debug;
		};
		2CF994C11B79443000140B3B /* Release */ = {
			isa = XCBuildConfiguration;
			buildSettings = {
				ALWAYS_SEARCH_USER_PATHS = NO;
				CLANG_CXX_LANGUAGE_STANDARD = "gnu++0x";
				CLANG_CXX_LIBRARY = "libc++";
				CLANG_ENABLE_MODULES = YES;
				CLANG_ENABLE_OBJC_ARC = YES;
				CLANG_WARN_BOOL_CONVERSION = YES;
				CLANG_WARN_CONSTANT_CONVERSION = YES;
				CLANG_WARN_DIRECT_OBJC_ISA_USAGE = YES_ERROR;
				CLANG_WARN_EMPTY_BODY = YES;
				CLANG_WARN_ENUM_CONVERSION = YES;
				CLANG_WARN_INT_CONVERSION = YES;
				CLANG_WARN_OBJC_ROOT_CLASS = YES_ERROR;
				CLANG_WARN__DUPLICATE_METHOD_MATCH = YES;
				"CODE_SIGN_IDENTITY[sdk=iphoneos*]" = "iPhone Developer";
				COPY_PHASE_STRIP = YES;
				ENABLE_NS_ASSERTIONS = NO;
				GCC_C_LANGUAGE_STANDARD = gnu99;
				GCC_WARN_64_TO_32_BIT_CONVERSION = YES;
				GCC_WARN_ABOUT_RETURN_TYPE = YES_ERROR;
				GCC_WARN_UNDECLARED_SELECTOR = YES;
				GCC_WARN_UNINITIALIZED_AUTOS = YES_AGGRESSIVE;
				GCC_WARN_UNUSED_FUNCTION = YES;
				GCC_WARN_UNUSED_VARIABLE = YES;
				IPHONEOS_DEPLOYMENT_TARGET = 7.1;
				SDKROOT = iphoneos;
				TARGETED_DEVICE_FAMILY = "1,2";
				VALIDATE_PRODUCT = YES;
			};
			name = Release;
		};
		2CF994C31B79443000140B3B /* Debug */ = {
			isa = XCBuildConfiguration;
			buildSettings = {
				ASSETCATALOG_COMPILER_APPICON_NAME = AppIcon;
				ASSETCATALOG_COMPILER_LAUNCHIMAGE_NAME = LaunchImage;
				CODE_SIGN_IDENTITY = "iPhone Developer";
				"CODE_SIGN_IDENTITY[sdk=iphoneos*]" = "iPhone Developer";
				GCC_PRECOMPILE_PREFIX_HEADER = YES;
				GCC_PREFIX_HEADER = "Digidex Pro/Digidex Pro-Prefix.pch";
				INFOPLIST_FILE = "Digidex Pro/Digidex Pro-Info.plist";
				LIBRARY_SEARCH_PATHS = (
					"$(inherited)",
					"$(USER_LIBRARY_DIR)/Developer/Xcode/DerivedData/Digidex-cxcukeqfygeewpaleogxstwtarqg/Build/Products/Debug-iphoneos",
				);
				PRODUCT_NAME = "$(TARGET_NAME)";
				PROVISIONING_PROFILE = "";
				WRAPPER_EXTENSION = app;
			};
			name = Debug;
		};
		2CF994C41B79443000140B3B /* Release */ = {
			isa = XCBuildConfiguration;
			buildSettings = {
				ASSETCATALOG_COMPILER_APPICON_NAME = AppIcon;
				ASSETCATALOG_COMPILER_LAUNCHIMAGE_NAME = LaunchImage;
				CODE_SIGN_IDENTITY = "iPhone Developer";
				"CODE_SIGN_IDENTITY[sdk=iphoneos*]" = "iPhone Developer";
				GCC_PRECOMPILE_PREFIX_HEADER = YES;
				GCC_PREFIX_HEADER = "Digidex Pro/Digidex Pro-Prefix.pch";
				INFOPLIST_FILE = "Digidex Pro/Digidex Pro-Info.plist";
				LIBRARY_SEARCH_PATHS = (
					"$(inherited)",
					"$(USER_LIBRARY_DIR)/Developer/Xcode/DerivedData/Digidex-cxcukeqfygeewpaleogxstwtarqg/Build/Products/Debug-iphoneos",
				);
				PRODUCT_NAME = "$(TARGET_NAME)";
				PROVISIONING_PROFILE = "";
				WRAPPER_EXTENSION = app;
			};
			name = Release;
		};
		2CF994C61B79443000140B3B /* Debug */ = {
			isa = XCBuildConfiguration;
			buildSettings = {
				BUNDLE_LOADER = "$(BUILT_PRODUCTS_DIR)/Digidex Pro.app/Digidex Pro";
				FRAMEWORK_SEARCH_PATHS = (
					"$(SDKROOT)/Developer/Library/Frameworks",
					"$(inherited)",
					"$(DEVELOPER_FRAMEWORKS_DIR)",
				);
				GCC_PRECOMPILE_PREFIX_HEADER = YES;
				GCC_PREFIX_HEADER = "Digidex Pro/Digidex Pro-Prefix.pch";
				GCC_PREPROCESSOR_DEFINITIONS = (
					"DEBUG=1",
					"$(inherited)",
				);
				INFOPLIST_FILE = "Digidex ProTests/Digidex ProTests-Info.plist";
				PRODUCT_NAME = "$(TARGET_NAME)";
				TEST_HOST = "$(BUNDLE_LOADER)";
				WRAPPER_EXTENSION = xctest;
			};
			name = Debug;
		};
		2CF994C71B79443000140B3B /* Release */ = {
			isa = XCBuildConfiguration;
			buildSettings = {
				BUNDLE_LOADER = "$(BUILT_PRODUCTS_DIR)/Digidex Pro.app/Digidex Pro";
				FRAMEWORK_SEARCH_PATHS = (
					"$(SDKROOT)/Developer/Library/Frameworks",
					"$(inherited)",
					"$(DEVELOPER_FRAMEWORKS_DIR)",
				);
				GCC_PRECOMPILE_PREFIX_HEADER = YES;
				GCC_PREFIX_HEADER = "Digidex Pro/Digidex Pro-Prefix.pch";
				INFOPLIST_FILE = "Digidex ProTests/Digidex ProTests-Info.plist";
				PRODUCT_NAME = "$(TARGET_NAME)";
				TEST_HOST = "$(BUNDLE_LOADER)";
				WRAPPER_EXTENSION = xctest;
			};
			name = Release;
		};
/* End XCBuildConfiguration section */

/* Begin XCConfigurationList section */
		2CF994881B79443000140B3B /* Build configuration list for PBXProject "Digidex Pro" */ = {
			isa = XCConfigurationList;
			buildConfigurations = (
				2CF994C01B79443000140B3B /* Debug */,
				2CF994C11B79443000140B3B /* Release */,
			);
			defaultConfigurationIsVisible = 0;
			defaultConfigurationName = Release;
		};
		2CF994C21B79443000140B3B /* Build configuration list for PBXNativeTarget "Digidex Pro" */ = {
			isa = XCConfigurationList;
			buildConfigurations = (
				2CF994C31B79443000140B3B /* Debug */,
				2CF994C41B79443000140B3B /* Release */,
			);
			defaultConfigurationIsVisible = 0;
			defaultConfigurationName = Release;
		};
		2CF994C51B79443000140B3B /* Build configuration list for PBXNativeTarget "Digidex ProTests" */ = {
			isa = XCConfigurationList;
			buildConfigurations = (
				2CF994C61B79443000140B3B /* Debug */,
				2CF994C71B79443000140B3B /* Release */,
			);
			defaultConfigurationIsVisible = 0;
			defaultConfigurationName = Release;
		};
/* End XCConfigurationList section */

/* Begin XCVersionGroup section */
		2C2649311B7996D3000BEC40 /* CardDataModel.xcdatamodeld */ = {
			isa = XCVersionGroup;
			children = (
				2C2649321B7996D3000BEC40 /* CardDataModel.xcdatamodel */,
			);
			currentVersion = 2C2649321B7996D3000BEC40 /* CardDataModel.xcdatamodel */;
			path = CardDataModel.xcdatamodeld;
			sourceTree = "<group>";
			versionGroupType = wrapper.xcdatamodel;
		};
/* End XCVersionGroup section */
	};
	rootObject = 2CF994851B79443000140B3B /* Project object */;
}
