// !$*UTF8*$!
{
	archiveVersion = 1;
	classes = {
	};
	objectVersion = 46;
	objects = {

/* Begin PBXBuildFile section */
		2C26493B1B7996D3000BEC40 /* CardDataModel.xcdatamodeld in Sources */ = {isa = PBXBuildFile; fileRef = 2C2649311B7996D3000BEC40 /* CardDataModel.xcdatamodeld */; };
		2C26493C1B7996D3000BEC40 /* DigidexKit.m in Sources */ = {isa = PBXBuildFile; fileRef = 2C2649341B7996D3000BEC40 /* DigidexKit.m */; };
		2C26493D1B7996D3000BEC40 /* DKDataStore.m in Sources */ = {isa = PBXBuildFile; fileRef = 2C2649361B7996D3000BEC40 /* DKDataStore.m */; };
		2C26493E1B7996D3000BEC40 /* DKManagedCard.m in Sources */ = {isa = PBXBuildFile; fileRef = 2C2649381B7996D3000BEC40 /* DKManagedCard.m */; };
		2C26493F1B7996D3000BEC40 /* DKManagedTag.m in Sources */ = {isa = PBXBuildFile; fileRef = 2C26493A1B7996D3000BEC40 /* DKManagedTag.m */; };
		2C2649421B7A5C03000BEC40 /* DPCardCellView.m in Sources */ = {isa = PBXBuildFile; fileRef = 2C2649411B7A5C03000BEC40 /* DPCardCellView.m */; };
		2C42BE451B83979B00475433 /* HTMLDocument.m in Sources */ = {isa = PBXBuildFile; fileRef = 2C42BE401B83979B00475433 /* HTMLDocument.m */; };
		2C42BE461B83979B00475433 /* HTMLNode.m in Sources */ = {isa = PBXBuildFile; fileRef = 2C42BE421B83979B00475433 /* HTMLNode.m */; };
		2C42BE471B83979B00475433 /* HTMLNode+XPath.m in Sources */ = {isa = PBXBuildFile; fileRef = 2C42BE441B83979B00475433 /* HTMLNode+XPath.m */; };
		2C42BE4A1B8397E800475433 /* libxml2.dylib in Frameworks */ = {isa = PBXBuildFile; fileRef = 2C42BE491B8397E800475433 /* libxml2.dylib */; };
		2C64AEC21B8667A2009CD7AE /* businessCard.jpg in Resources */ = {isa = PBXBuildFile; fileRef = 2C64AEC11B8667A2009CD7AE /* businessCard.jpg */; };
		2C64AED71B8678B1009CD7AE /* AFHTTPRequestOperation.m in Sources */ = {isa = PBXBuildFile; fileRef = 2C64AEC51B8678B1009CD7AE /* AFHTTPRequestOperation.m */; };
		2C64AED81B8678B1009CD7AE /* AFHTTPRequestOperationManager.m in Sources */ = {isa = PBXBuildFile; fileRef = 2C64AEC71B8678B1009CD7AE /* AFHTTPRequestOperationManager.m */; };
		2C64AED91B8678B1009CD7AE /* AFHTTPSessionManager.m in Sources */ = {isa = PBXBuildFile; fileRef = 2C64AEC91B8678B1009CD7AE /* AFHTTPSessionManager.m */; };
		2C64AEDA1B8678B1009CD7AE /* AFNetworkReachabilityManager.m in Sources */ = {isa = PBXBuildFile; fileRef = 2C64AECC1B8678B1009CD7AE /* AFNetworkReachabilityManager.m */; };
		2C64AEDB1B8678B1009CD7AE /* AFSecurityPolicy.m in Sources */ = {isa = PBXBuildFile; fileRef = 2C64AECE1B8678B1009CD7AE /* AFSecurityPolicy.m */; };
		2C64AEDC1B8678B1009CD7AE /* AFURLConnectionOperation.m in Sources */ = {isa = PBXBuildFile; fileRef = 2C64AED01B8678B1009CD7AE /* AFURLConnectionOperation.m */; };
		2C64AEDD1B8678B1009CD7AE /* AFURLRequestSerialization.m in Sources */ = {isa = PBXBuildFile; fileRef = 2C64AED21B8678B1009CD7AE /* AFURLRequestSerialization.m */; };
		2C64AEDE1B8678B1009CD7AE /* AFURLResponseSerialization.m in Sources */ = {isa = PBXBuildFile; fileRef = 2C64AED41B8678B1009CD7AE /* AFURLResponseSerialization.m */; };
		2C64AEDF1B8678B1009CD7AE /* AFURLSessionManager.m in Sources */ = {isa = PBXBuildFile; fileRef = 2C64AED61B8678B1009CD7AE /* AFURLSessionManager.m */; };
		2CAEE00A1B88FED000989C1C /* DPCreateCardTableViewController.m in Sources */ = {isa = PBXBuildFile; fileRef = 2CAEE0091B88FED000989C1C /* DPCreateCardTableViewController.m */; };
		2CAEE00D1B8A61BE00989C1C /* DPTextFieldTableViewCell.m in Sources */ = {isa = PBXBuildFile; fileRef = 2CAEE00C1B8A61BE00989C1C /* DPTextFieldTableViewCell.m */; };
		2CAEE0111B8A62D300989C1C /* DPEditableKeyValueTableViewCell.m in Sources */ = {isa = PBXBuildFile; fileRef = 2CAEE0101B8A62D300989C1C /* DPEditableKeyValueTableViewCell.m */; };
		2CAEE0141B8A645300989C1C /* DPLargeButtonTableViewCell.m in Sources */ = {isa = PBXBuildFile; fileRef = 2CAEE0131B8A645300989C1C /* DPLargeButtonTableViewCell.m */; };
		2CAEE0171B8A729700989C1C /* DPTableViewTextField.m in Sources */ = {isa = PBXBuildFile; fileRef = 2CAEE0161B8A729700989C1C /* DPTableViewTextField.m */; };
		2CAEE0191B8A7BFA00989C1C /* uploadPlaceholderImage.png in Resources */ = {isa = PBXBuildFile; fileRef = 2CAEE0181B8A7BFA00989C1C /* uploadPlaceholderImage.png */; };
		2CAEE01B1B8A846400989C1C /* AppIcon.jpg in Resources */ = {isa = PBXBuildFile; fileRef = 2CAEE01A1B8A846400989C1C /* AppIcon.jpg */; };
		2CF994911B79443000140B3B /* Foundation.framework in Frameworks */ = {isa = PBXBuildFile; fileRef = 2CF994901B79443000140B3B /* Foundation.framework */; };
		2CF994931B79443000140B3B /* CoreGraphics.framework in Frameworks */ = {isa = PBXBuildFile; fileRef = 2CF994921B79443000140B3B /* CoreGraphics.framework */; };
		2CF994951B79443000140B3B /* UIKit.framework in Frameworks */ = {isa = PBXBuildFile; fileRef = 2CF994941B79443000140B3B /* UIKit.framework */; };
		2CF9949B1B79443000140B3B /* InfoPlist.strings in Resources */ = {isa = PBXBuildFile; fileRef = 2CF994991B79443000140B3B /* InfoPlist.strings */; };
		2CF9949D1B79443000140B3B /* main.m in Sources */ = {isa = PBXBuildFile; fileRef = 2CF9949C1B79443000140B3B /* main.m */; };
		2CF994A11B79443000140B3B /* DPAppDelegate.m in Sources */ = {isa = PBXBuildFile; fileRef = 2CF994A01B79443000140B3B /* DPAppDelegate.m */; };
		2CF994A41B79443000140B3B /* Main_iPhone.storyboard in Resources */ = {isa = PBXBuildFile; fileRef = 2CF994A21B79443000140B3B /* Main_iPhone.storyboard */; };
		2CF994AC1B79443000140B3B /* Images.xcassets in Resources */ = {isa = PBXBuildFile; fileRef = 2CF994AB1B79443000140B3B /* Images.xcassets */; };
		2CF994B31B79443000140B3B /* XCTest.framework in Frameworks */ = {isa = PBXBuildFile; fileRef = 2CF994B21B79443000140B3B /* XCTest.framework */; };
		2CF994B41B79443000140B3B /* Foundation.framework in Frameworks */ = {isa = PBXBuildFile; fileRef = 2CF994901B79443000140B3B /* Foundation.framework */; };
		2CF994B51B79443000140B3B /* UIKit.framework in Frameworks */ = {isa = PBXBuildFile; fileRef = 2CF994941B79443000140B3B /* UIKit.framework */; };
		2CF994BD1B79443000140B3B /* InfoPlist.strings in Resources */ = {isa = PBXBuildFile; fileRef = 2CF994BB1B79443000140B3B /* InfoPlist.strings */; };
		2CF994BF1B79443000140B3B /* Digidex_ProTests.m in Sources */ = {isa = PBXBuildFile; fileRef = 2CF994BE1B79443000140B3B /* Digidex_ProTests.m */; };
		2CF994CA1B79495600140B3B /* CHTCollectionViewWaterfallLayout.m in Sources */ = {isa = PBXBuildFile; fileRef = 2CF994C91B79495600140B3B /* CHTCollectionViewWaterfallLayout.m */; };
		2CF994CD1B7949F400140B3B /* DPRootCollectionViewController.m in Sources */ = {isa = PBXBuildFile; fileRef = 2CF994CC1B7949F400140B3B /* DPRootCollectionViewController.m */; };
		2CFBC9CD1B7B8FF800705932 /* DPImageTableViewCell.m in Sources */ = {isa = PBXBuildFile; fileRef = 2CFBC9CC1B7B8FF800705932 /* DPImageTableViewCell.m */; };
		2CFBC9D01B7B93B700705932 /* DPTitleTableViewCell.m in Sources */ = {isa = PBXBuildFile; fileRef = 2CFBC9CF1B7B93B700705932 /* DPTitleTableViewCell.m */; };
		2CFBC9D31B7B93C000705932 /* DPDetailTableViewCell.m in Sources */ = {isa = PBXBuildFile; fileRef = 2CFBC9D21B7B93C000705932 /* DPDetailTableViewCell.m */; };
		2CFBC9D71B7B953900705932 /* DPDetailTableViewController.m in Sources */ = {isa = PBXBuildFile; fileRef = 2CFBC9D61B7B953900705932 /* DPDetailTableViewController.m */; };
		C6476DE41B803B840065D89F /* Launch Screen.xib in Resources */ = {isa = PBXBuildFile; fileRef = C6476DE31B803B840065D89F /* Launch Screen.xib */; };
		C69CFC1B1B8121EA00D98C7D /* DPBarcodeScannerViewController.m in Sources */ = {isa = PBXBuildFile; fileRef = C69CFC1A1B8121EA00D98C7D /* DPBarcodeScannerViewController.m */; };
/* End PBXBuildFile section */

/* Begin PBXContainerItemProxy section */
		2CF994B61B79443000140B3B /* PBXContainerItemProxy */ = {
			isa = PBXContainerItemProxy;
			containerPortal = 2CF994851B79443000140B3B /* Project object */;
			proxyType = 1;
			remoteGlobalIDString = 2CF9948C1B79443000140B3B;
			remoteInfo = "Digidex Pro";
		};
/* End PBXContainerItemProxy section */

/* Begin PBXFileReference section */
		2C2649081B798C87000BEC40 /* libDigidexKit.a */ = {isa = PBXFileReference; lastKnownFileType = archive.ar; name = libDigidexKit.a; path = "../../Library/Developer/Xcode/DerivedData/Digidex-cxcukeqfygeewpaleogxstwtarqg/Build/Products/Debug-iphoneos/libDigidexKit.a"; sourceTree = "<group>"; };
		2C2649321B7996D3000BEC40 /* CardDataModel.xcdatamodel */ = {isa = PBXFileReference; lastKnownFileType = wrapper.xcdatamodel; path = CardDataModel.xcdatamodel; sourceTree = "<group>"; };
		2C2649331B7996D3000BEC40 /* DigidexKit.h */ = {isa = PBXFileReference; fileEncoding = 4; lastKnownFileType = sourcecode.c.h; path = DigidexKit.h; sourceTree = "<group>"; };
		2C2649341B7996D3000BEC40 /* DigidexKit.m */ = {isa = PBXFileReference; fileEncoding = 4; lastKnownFileType = sourcecode.c.objc; path = DigidexKit.m; sourceTree = "<group>"; };
		2C2649351B7996D3000BEC40 /* DKDataStore.h */ = {isa = PBXFileReference; fileEncoding = 4; lastKnownFileType = sourcecode.c.h; path = DKDataStore.h; sourceTree = "<group>"; };
		2C2649361B7996D3000BEC40 /* DKDataStore.m */ = {isa = PBXFileReference; fileEncoding = 4; lastKnownFileType = sourcecode.c.objc; path = DKDataStore.m; sourceTree = "<group>"; };
		2C2649371B7996D3000BEC40 /* DKManagedCard.h */ = {isa = PBXFileReference; fileEncoding = 4; lastKnownFileType = sourcecode.c.h; path = DKManagedCard.h; sourceTree = "<group>"; };
		2C2649381B7996D3000BEC40 /* DKManagedCard.m */ = {isa = PBXFileReference; fileEncoding = 4; lastKnownFileType = sourcecode.c.objc; path = DKManagedCard.m; sourceTree = "<group>"; };
		2C2649391B7996D3000BEC40 /* DKManagedTag.h */ = {isa = PBXFileReference; fileEncoding = 4; lastKnownFileType = sourcecode.c.h; path = DKManagedTag.h; sourceTree = "<group>"; };
		2C26493A1B7996D3000BEC40 /* DKManagedTag.m */ = {isa = PBXFileReference; fileEncoding = 4; lastKnownFileType = sourcecode.c.objc; path = DKManagedTag.m; sourceTree = "<group>"; };
		2C2649401B7A5C03000BEC40 /* DPCardCellView.h */ = {isa = PBXFileReference; fileEncoding = 4; lastKnownFileType = sourcecode.c.h; path = DPCardCellView.h; sourceTree = "<group>"; };
		2C2649411B7A5C03000BEC40 /* DPCardCellView.m */ = {isa = PBXFileReference; fileEncoding = 4; lastKnownFileType = sourcecode.c.objc; path = DPCardCellView.m; sourceTree = "<group>"; };
		2C42BE3F1B83979B00475433 /* HTMLDocument.h */ = {isa = PBXFileReference; fileEncoding = 4; lastKnownFileType = sourcecode.c.h; path = HTMLDocument.h; sourceTree = "<group>"; };
		2C42BE401B83979B00475433 /* HTMLDocument.m */ = {isa = PBXFileReference; fileEncoding = 4; lastKnownFileType = sourcecode.c.objc; path = HTMLDocument.m; sourceTree = "<group>"; };
		2C42BE411B83979B00475433 /* HTMLNode.h */ = {isa = PBXFileReference; fileEncoding = 4; lastKnownFileType = sourcecode.c.h; path = HTMLNode.h; sourceTree = "<group>"; };
		2C42BE421B83979B00475433 /* HTMLNode.m */ = {isa = PBXFileReference; fileEncoding = 4; lastKnownFileType = sourcecode.c.objc; path = HTMLNode.m; sourceTree = "<group>"; };
		2C42BE431B83979B00475433 /* HTMLNode+XPath.h */ = {isa = PBXFileReference; fileEncoding = 4; lastKnownFileType = sourcecode.c.h; path = "HTMLNode+XPath.h"; sourceTree = "<group>"; };
		2C42BE441B83979B00475433 /* HTMLNode+XPath.m */ = {isa = PBXFileReference; fileEncoding = 4; lastKnownFileType = sourcecode.c.objc; path = "HTMLNode+XPath.m"; sourceTree = "<group>"; };
		2C42BE491B8397E800475433 /* libxml2.dylib */ = {isa = PBXFileReference; lastKnownFileType = "compiled.mach-o.dylib"; name = libxml2.dylib; path = usr/lib/libxml2.dylib; sourceTree = SDKROOT; };
		2C64AEC11B8667A2009CD7AE /* businessCard.jpg */ = {isa = PBXFileReference; lastKnownFileType = image.jpeg; path = businessCard.jpg; sourceTree = "<group>"; };
		2C64AEC41B8678B1009CD7AE /* AFHTTPRequestOperation.h */ = {isa = PBXFileReference; fileEncoding = 4; lastKnownFileType = sourcecode.c.h; path = AFHTTPRequestOperation.h; sourceTree = "<group>"; };
		2C64AEC51B8678B1009CD7AE /* AFHTTPRequestOperation.m */ = {isa = PBXFileReference; fileEncoding = 4; lastKnownFileType = sourcecode.c.objc; path = AFHTTPRequestOperation.m; sourceTree = "<group>"; };
		2C64AEC61B8678B1009CD7AE /* AFHTTPRequestOperationManager.h */ = {isa = PBXFileReference; fileEncoding = 4; lastKnownFileType = sourcecode.c.h; path = AFHTTPRequestOperationManager.h; sourceTree = "<group>"; };
		2C64AEC71B8678B1009CD7AE /* AFHTTPRequestOperationManager.m */ = {isa = PBXFileReference; fileEncoding = 4; lastKnownFileType = sourcecode.c.objc; path = AFHTTPRequestOperationManager.m; sourceTree = "<group>"; };
		2C64AEC81B8678B1009CD7AE /* AFHTTPSessionManager.h */ = {isa = PBXFileReference; fileEncoding = 4; lastKnownFileType = sourcecode.c.h; path = AFHTTPSessionManager.h; sourceTree = "<group>"; };
		2C64AEC91B8678B1009CD7AE /* AFHTTPSessionManager.m */ = {isa = PBXFileReference; fileEncoding = 4; lastKnownFileType = sourcecode.c.objc; path = AFHTTPSessionManager.m; sourceTree = "<group>"; };
		2C64AECA1B8678B1009CD7AE /* AFNetworking.h */ = {isa = PBXFileReference; fileEncoding = 4; lastKnownFileType = sourcecode.c.h; path = AFNetworking.h; sourceTree = "<group>"; };
		2C64AECB1B8678B1009CD7AE /* AFNetworkReachabilityManager.h */ = {isa = PBXFileReference; fileEncoding = 4; lastKnownFileType = sourcecode.c.h; path = AFNetworkReachabilityManager.h; sourceTree = "<group>"; };
		2C64AECC1B8678B1009CD7AE /* AFNetworkReachabilityManager.m */ = {isa = PBXFileReference; fileEncoding = 4; lastKnownFileType = sourcecode.c.objc; path = AFNetworkReachabilityManager.m; sourceTree = "<group>"; };
		2C64AECD1B8678B1009CD7AE /* AFSecurityPolicy.h */ = {isa = PBXFileReference; fileEncoding = 4; lastKnownFileType = sourcecode.c.h; path = AFSecurityPolicy.h; sourceTree = "<group>"; };
		2C64AECE1B8678B1009CD7AE /* AFSecurityPolicy.m */ = {isa = PBXFileReference; fileEncoding = 4; lastKnownFileType = sourcecode.c.objc; path = AFSecurityPolicy.m; sourceTree = "<group>"; };
		2C64AECF1B8678B1009CD7AE /* AFURLConnectionOperation.h */ = {isa = PBXFileReference; fileEncoding = 4; lastKnownFileType = sourcecode.c.h; path = AFURLConnectionOperation.h; sourceTree = "<group>"; };
		2C64AED01B8678B1009CD7AE /* AFURLConnectionOperation.m */ = {isa = PBXFileReference; fileEncoding = 4; lastKnownFileType = sourcecode.c.objc; path = AFURLConnectionOperation.m; sourceTree = "<group>"; };
		2C64AED11B8678B1009CD7AE /* AFURLRequestSerialization.h */ = {isa = PBXFileReference; fileEncoding = 4; lastKnownFileType = sourcecode.c.h; path = AFURLRequestSerialization.h; sourceTree = "<group>"; };
		2C64AED21B8678B1009CD7AE /* AFURLRequestSerialization.m */ = {isa = PBXFileReference; fileEncoding = 4; lastKnownFileType = sourcecode.c.objc; path = AFURLRequestSerialization.m; sourceTree = "<group>"; };
		2C64AED31B8678B1009CD7AE /* AFURLResponseSerialization.h */ = {isa = PBXFileReference; fileEncoding = 4; lastKnownFileType = sourcecode.c.h; path = AFURLResponseSerialization.h; sourceTree = "<group>"; };
		2C64AED41B8678B1009CD7AE /* AFURLResponseSerialization.m */ = {isa = PBXFileReference; fileEncoding = 4; lastKnownFileType = sourcecode.c.objc; path = AFURLResponseSerialization.m; sourceTree = "<group>"; };
		2C64AED51B8678B1009CD7AE /* AFURLSessionManager.h */ = {isa = PBXFileReference; fileEncoding = 4; lastKnownFileType = sourcecode.c.h; path = AFURLSessionManager.h; sourceTree = "<group>"; };
		2C64AED61B8678B1009CD7AE /* AFURLSessionManager.m */ = {isa = PBXFileReference; fileEncoding = 4; lastKnownFileType = sourcecode.c.objc; path = AFURLSessionManager.m; sourceTree = "<group>"; };
		2CAEE0081B88FED000989C1C /* DPCreateCardTableViewController.h */ = {isa = PBXFileReference; fileEncoding = 4; lastKnownFileType = sourcecode.c.h; path = DPCreateCardTableViewController.h; sourceTree = "<group>"; };
		2CAEE0091B88FED000989C1C /* DPCreateCardTableViewController.m */ = {isa = PBXFileReference; fileEncoding = 4; lastKnownFileType = sourcecode.c.objc; path = DPCreateCardTableViewController.m; sourceTree = "<group>"; };
		2CAEE00B1B8A61BE00989C1C /* DPTextFieldTableViewCell.h */ = {isa = PBXFileReference; fileEncoding = 4; lastKnownFileType = sourcecode.c.h; path = DPTextFieldTableViewCell.h; sourceTree = "<group>"; };
		2CAEE00C1B8A61BE00989C1C /* DPTextFieldTableViewCell.m */ = {isa = PBXFileReference; fileEncoding = 4; lastKnownFileType = sourcecode.c.objc; path = DPTextFieldTableViewCell.m; sourceTree = "<group>"; };
		2CAEE00F1B8A62D300989C1C /* DPEditableKeyValueTableViewCell.h */ = {isa = PBXFileReference; fileEncoding = 4; lastKnownFileType = sourcecode.c.h; path = DPEditableKeyValueTableViewCell.h; sourceTree = "<group>"; };
		2CAEE0101B8A62D300989C1C /* DPEditableKeyValueTableViewCell.m */ = {isa = PBXFileReference; fileEncoding = 4; lastKnownFileType = sourcecode.c.objc; path = DPEditableKeyValueTableViewCell.m; sourceTree = "<group>"; };
		2CAEE0121B8A645300989C1C /* DPLargeButtonTableViewCell.h */ = {isa = PBXFileReference; fileEncoding = 4; lastKnownFileType = sourcecode.c.h; path = DPLargeButtonTableViewCell.h; sourceTree = "<group>"; };
		2CAEE0131B8A645300989C1C /* DPLargeButtonTableViewCell.m */ = {isa = PBXFileReference; fileEncoding = 4; lastKnownFileType = sourcecode.c.objc; path = DPLargeButtonTableViewCell.m; sourceTree = "<group>"; };
		2CAEE0151B8A729700989C1C /* DPTableViewTextField.h */ = {isa = PBXFileReference; fileEncoding = 4; lastKnownFileType = sourcecode.c.h; path = DPTableViewTextField.h; sourceTree = "<group>"; };
		2CAEE0161B8A729700989C1C /* DPTableViewTextField.m */ = {isa = PBXFileReference; fileEncoding = 4; lastKnownFileType = sourcecode.c.objc; path = DPTableViewTextField.m; sourceTree = "<group>"; };
		2CAEE0181B8A7BFA00989C1C /* uploadPlaceholderImage.png */ = {isa = PBXFileReference; lastKnownFileType = image.png; path = uploadPlaceholderImage.png; sourceTree = "<group>"; };
		2CAEE01A1B8A846400989C1C /* AppIcon.jpg */ = {isa = PBXFileReference; lastKnownFileType = image.jpeg; path = AppIcon.jpg; sourceTree = "<group>"; };
		2CF9948D1B79443000140B3B /* Digidex Pro.app */ = {isa = PBXFileReference; explicitFileType = wrapper.application; includeInIndex = 0; path = "Digidex Pro.app"; sourceTree = BUILT_PRODUCTS_DIR; };
		2CF994901B79443000140B3B /* Foundation.framework */ = {isa = PBXFileReference; lastKnownFileType = wrapper.framework; name = Foundation.framework; path = System/Library/Frameworks/Foundation.framework; sourceTree = SDKROOT; };
		2CF994921B79443000140B3B /* CoreGraphics.framework */ = {isa = PBXFileReference; lastKnownFileType = wrapper.framework; name = CoreGraphics.framework; path = System/Library/Frameworks/CoreGraphics.framework; sourceTree = SDKROOT; };
		2CF994941B79443000140B3B /* UIKit.framework */ = {isa = PBXFileReference; lastKnownFileType = wrapper.framework; name = UIKit.framework; path = System/Library/Frameworks/UIKit.framework; sourceTree = SDKROOT; };
		2CF994981B79443000140B3B /* Digidex Pro-Info.plist */ = {isa = PBXFileReference; lastKnownFileType = text.plist.xml; path = "Digidex Pro-Info.plist"; sourceTree = "<group>"; };
		2CF9949A1B79443000140B3B /* en */ = {isa = PBXFileReference; lastKnownFileType = text.plist.strings; name = en; path = en.lproj/InfoPlist.strings; sourceTree = "<group>"; };
		2CF9949C1B79443000140B3B /* main.m */ = {isa = PBXFileReference; lastKnownFileType = sourcecode.c.objc; path = main.m; sourceTree = "<group>"; };
		2CF9949E1B79443000140B3B /* Digidex Pro-Prefix.pch */ = {isa = PBXFileReference; lastKnownFileType = sourcecode.c.h; path = "Digidex Pro-Prefix.pch"; sourceTree = "<group>"; };
		2CF9949F1B79443000140B3B /* DPAppDelegate.h */ = {isa = PBXFileReference; lastKnownFileType = sourcecode.c.h; path = DPAppDelegate.h; sourceTree = "<group>"; };
		2CF994A01B79443000140B3B /* DPAppDelegate.m */ = {isa = PBXFileReference; lastKnownFileType = sourcecode.c.objc; path = DPAppDelegate.m; sourceTree = "<group>"; };
		2CF994A31B79443000140B3B /* Base */ = {isa = PBXFileReference; lastKnownFileType = file.storyboard; name = Base; path = Base.lproj/Main_iPhone.storyboard; sourceTree = "<group>"; };
		2CF994AB1B79443000140B3B /* Images.xcassets */ = {isa = PBXFileReference; lastKnownFileType = folder.assetcatalog; path = Images.xcassets; sourceTree = "<group>"; };
		2CF994B11B79443000140B3B /* Digidex ProTests.xctest */ = {isa = PBXFileReference; explicitFileType = wrapper.cfbundle; includeInIndex = 0; path = "Digidex ProTests.xctest"; sourceTree = BUILT_PRODUCTS_DIR; };
		2CF994B21B79443000140B3B /* XCTest.framework */ = {isa = PBXFileReference; lastKnownFileType = wrapper.framework; name = XCTest.framework; path = Library/Frameworks/XCTest.framework; sourceTree = DEVELOPER_DIR; };
		2CF994BA1B79443000140B3B /* Digidex ProTests-Info.plist */ = {isa = PBXFileReference; lastKnownFileType = text.plist.xml; path = "Digidex ProTests-Info.plist"; sourceTree = "<group>"; };
		2CF994BC1B79443000140B3B /* en */ = {isa = PBXFileReference; lastKnownFileType = text.plist.strings; name = en; path = en.lproj/InfoPlist.strings; sourceTree = "<group>"; };
		2CF994BE1B79443000140B3B /* Digidex_ProTests.m */ = {isa = PBXFileReference; lastKnownFileType = sourcecode.c.objc; path = Digidex_ProTests.m; sourceTree = "<group>"; };
		2CF994C81B79495600140B3B /* CHTCollectionViewWaterfallLayout.h */ = {isa = PBXFileReference; fileEncoding = 4; lastKnownFileType = sourcecode.c.h; path = CHTCollectionViewWaterfallLayout.h; sourceTree = "<group>"; };
		2CF994C91B79495600140B3B /* CHTCollectionViewWaterfallLayout.m */ = {isa = PBXFileReference; fileEncoding = 4; lastKnownFileType = sourcecode.c.objc; path = CHTCollectionViewWaterfallLayout.m; sourceTree = "<group>"; };
		2CF994CB1B7949F400140B3B /* DPRootCollectionViewController.h */ = {isa = PBXFileReference; fileEncoding = 4; lastKnownFileType = sourcecode.c.h; path = DPRootCollectionViewController.h; sourceTree = "<group>"; };
		2CF994CC1B7949F400140B3B /* DPRootCollectionViewController.m */ = {isa = PBXFileReference; fileEncoding = 4; lastKnownFileType = sourcecode.c.objc; path = DPRootCollectionViewController.m; sourceTree = "<group>"; };
		2CFBC9CB1B7B8FF800705932 /* DPImageTableViewCell.h */ = {isa = PBXFileReference; fileEncoding = 4; lastKnownFileType = sourcecode.c.h; path = DPImageTableViewCell.h; sourceTree = "<group>"; };
		2CFBC9CC1B7B8FF800705932 /* DPImageTableViewCell.m */ = {isa = PBXFileReference; fileEncoding = 4; lastKnownFileType = sourcecode.c.objc; path = DPImageTableViewCell.m; sourceTree = "<group>"; };
		2CFBC9CE1B7B93B700705932 /* DPTitleTableViewCell.h */ = {isa = PBXFileReference; fileEncoding = 4; lastKnownFileType = sourcecode.c.h; path = DPTitleTableViewCell.h; sourceTree = "<group>"; };
		2CFBC9CF1B7B93B700705932 /* DPTitleTableViewCell.m */ = {isa = PBXFileReference; fileEncoding = 4; lastKnownFileType = sourcecode.c.objc; path = DPTitleTableViewCell.m; sourceTree = "<group>"; };
		2CFBC9D11B7B93C000705932 /* DPDetailTableViewCell.h */ = {isa = PBXFileReference; fileEncoding = 4; lastKnownFileType = sourcecode.c.h; path = DPDetailTableViewCell.h; sourceTree = "<group>"; };
		2CFBC9D21B7B93C000705932 /* DPDetailTableViewCell.m */ = {isa = PBXFileReference; fileEncoding = 4; lastKnownFileType = sourcecode.c.objc; path = DPDetailTableViewCell.m; sourceTree = "<group>"; };
		2CFBC9D51B7B953900705932 /* DPDetailTableViewController.h */ = {isa = PBXFileReference; fileEncoding = 4; lastKnownFileType = sourcecode.c.h; path = DPDetailTableViewController.h; sourceTree = "<group>"; };
		2CFBC9D61B7B953900705932 /* DPDetailTableViewController.m */ = {isa = PBXFileReference; fileEncoding = 4; lastKnownFileType = sourcecode.c.objc; path = DPDetailTableViewController.m; sourceTree = "<group>"; };
		C6476DE31B803B840065D89F /* Launch Screen.xib */ = {isa = PBXFileReference; fileEncoding = 4; lastKnownFileType = file.xib; path = "Launch Screen.xib"; sourceTree = "<group>"; };
		C69CFC191B8121EA00D98C7D /* DPBarcodeScannerViewController.h */ = {isa = PBXFileReference; fileEncoding = 4; lastKnownFileType = sourcecode.c.h; path = DPBarcodeScannerViewController.h; sourceTree = "<group>"; };
		C69CFC1A1B8121EA00D98C7D /* DPBarcodeScannerViewController.m */ = {isa = PBXFileReference; fileEncoding = 4; lastKnownFileType = sourcecode.c.objc; path = DPBarcodeScannerViewController.m; sourceTree = "<group>"; };
/* End PBXFileReference section */

/* Begin PBXFrameworksBuildPhase section */
		2CF9948A1B79443000140B3B /* Frameworks */ = {
			isa = PBXFrameworksBuildPhase;
			buildActionMask = 2147483647;
			files = (
				2C42BE4A1B8397E800475433 /* libxml2.dylib in Frameworks */,
				2CF994931B79443000140B3B /* CoreGraphics.framework in Frameworks */,
				2CF994951B79443000140B3B /* UIKit.framework in Frameworks */,
				2CF994911B79443000140B3B /* Foundation.framework in Frameworks */,
			);
			runOnlyForDeploymentPostprocessing = 0;
		};
		2CF994AE1B79443000140B3B /* Frameworks */ = {
			isa = PBXFrameworksBuildPhase;
			buildActionMask = 2147483647;
			files = (
				2CF994B31B79443000140B3B /* XCTest.framework in Frameworks */,
				2CF994B51B79443000140B3B /* UIKit.framework in Frameworks */,
				2CF994B41B79443000140B3B /* Foundation.framework in Frameworks */,
			);
			runOnlyForDeploymentPostprocessing = 0;
		};
/* End PBXFrameworksBuildPhase section */

/* Begin PBXGroup section */
		2C26491F1B799566000BEC40 /* Digidex Kit */ = {
			isa = PBXGroup;
			children = (
				2C2649311B7996D3000BEC40 /* CardDataModel.xcdatamodeld */,
				2C2649331B7996D3000BEC40 /* DigidexKit.h */,
				2C2649341B7996D3000BEC40 /* DigidexKit.m */,
				2C2649351B7996D3000BEC40 /* DKDataStore.h */,
				2C2649361B7996D3000BEC40 /* DKDataStore.m */,
				2C2649371B7996D3000BEC40 /* DKManagedCard.h */,
				2C2649381B7996D3000BEC40 /* DKManagedCard.m */,
				2C2649391B7996D3000BEC40 /* DKManagedTag.h */,
				2C26493A1B7996D3000BEC40 /* DKManagedTag.m */,
			);
			name = "Digidex Kit";
			sourceTree = "<group>";
		};
		2C42BE481B8397A200475433 /* Vendor */ = {
			isa = PBXGroup;
			children = (
				2C64AEC31B867899009CD7AE /* AFNetworking */,
				2CF994C81B79495600140B3B /* CHTCollectionViewWaterfallLayout.h */,
				2CF994C91B79495600140B3B /* CHTCollectionViewWaterfallLayout.m */,
				2C42BE3F1B83979B00475433 /* HTMLDocument.h */,
				2C42BE401B83979B00475433 /* HTMLDocument.m */,
				2C42BE411B83979B00475433 /* HTMLNode.h */,
				2C42BE421B83979B00475433 /* HTMLNode.m */,
				2C42BE431B83979B00475433 /* HTMLNode+XPath.h */,
				2C42BE441B83979B00475433 /* HTMLNode+XPath.m */,
			);
			name = Vendor;
			sourceTree = "<group>";
		};
		2C64AEC31B867899009CD7AE /* AFNetworking */ = {
			isa = PBXGroup;
			children = (
				2C64AEC41B8678B1009CD7AE /* AFHTTPRequestOperation.h */,
				2C64AEC51B8678B1009CD7AE /* AFHTTPRequestOperation.m */,
				2C64AEC61B8678B1009CD7AE /* AFHTTPRequestOperationManager.h */,
				2C64AEC71B8678B1009CD7AE /* AFHTTPRequestOperationManager.m */,
				2C64AEC81B8678B1009CD7AE /* AFHTTPSessionManager.h */,
				2C64AEC91B8678B1009CD7AE /* AFHTTPSessionManager.m */,
				2C64AECA1B8678B1009CD7AE /* AFNetworking.h */,
				2C64AECB1B8678B1009CD7AE /* AFNetworkReachabilityManager.h */,
				2C64AECC1B8678B1009CD7AE /* AFNetworkReachabilityManager.m */,
				2C64AECD1B8678B1009CD7AE /* AFSecurityPolicy.h */,
				2C64AECE1B8678B1009CD7AE /* AFSecurityPolicy.m */,
				2C64AECF1B8678B1009CD7AE /* AFURLConnectionOperation.h */,
				2C64AED01B8678B1009CD7AE /* AFURLConnectionOperation.m */,
				2C64AED11B8678B1009CD7AE /* AFURLRequestSerialization.h */,
				2C64AED21B8678B1009CD7AE /* AFURLRequestSerialization.m */,
				2C64AED31B8678B1009CD7AE /* AFURLResponseSerialization.h */,
				2C64AED41B8678B1009CD7AE /* AFURLResponseSerialization.m */,
				2C64AED51B8678B1009CD7AE /* AFURLSessionManager.h */,
				2C64AED61B8678B1009CD7AE /* AFURLSessionManager.m */,
			);
			name = AFNetworking;
			sourceTree = "<group>";
		};
		2CAEE00E1B8A61D800989C1C /* Create new card */ = {
			isa = PBXGroup;
			children = (
				2CAEE0181B8A7BFA00989C1C /* uploadPlaceholderImage.png */,
				2CAEE0081B88FED000989C1C /* DPCreateCardTableViewController.h */,
				2CAEE0091B88FED000989C1C /* DPCreateCardTableViewController.m */,
				2CAEE00B1B8A61BE00989C1C /* DPTextFieldTableViewCell.h */,
				2CAEE00C1B8A61BE00989C1C /* DPTextFieldTableViewCell.m */,
				2CAEE00F1B8A62D300989C1C /* DPEditableKeyValueTableViewCell.h */,
				2CAEE0101B8A62D300989C1C /* DPEditableKeyValueTableViewCell.m */,
				2CAEE0121B8A645300989C1C /* DPLargeButtonTableViewCell.h */,
				2CAEE0131B8A645300989C1C /* DPLargeButtonTableViewCell.m */,
				2CAEE0151B8A729700989C1C /* DPTableViewTextField.h */,
				2CAEE0161B8A729700989C1C /* DPTableViewTextField.m */,
			);
			name = "Create new card";
			sourceTree = "<group>";
		};
		2CF994841B79443000140B3B = {
			isa = PBXGroup;
			children = (
				2CF994961B79443000140B3B /* Digidex Pro */,
				2CF994B81B79443000140B3B /* Digidex ProTests */,
				2CF9948F1B79443000140B3B /* Frameworks */,
				2CF9948E1B79443000140B3B /* Products */,
			);
			sourceTree = "<group>";
		};
		2CF9948E1B79443000140B3B /* Products */ = {
			isa = PBXGroup;
			children = (
				2CF9948D1B79443000140B3B /* Digidex Pro.app */,
				2CF994B11B79443000140B3B /* Digidex ProTests.xctest */,
			);
			name = Products;
			sourceTree = "<group>";
		};
		2CF9948F1B79443000140B3B /* Frameworks */ = {
			isa = PBXGroup;
			children = (
				2C42BE491B8397E800475433 /* libxml2.dylib */,
				2C2649081B798C87000BEC40 /* libDigidexKit.a */,
				2CF994901B79443000140B3B /* Foundation.framework */,
				2CF994921B79443000140B3B /* CoreGraphics.framework */,
				2CF994941B79443000140B3B /* UIKit.framework */,
				2CF994B21B79443000140B3B /* XCTest.framework */,
			);
			name = Frameworks;
			sourceTree = "<group>";
		};
		2CF994961B79443000140B3B /* Digidex Pro */ = {
			isa = PBXGroup;
			children = (
				2CAEE01A1B8A846400989C1C /* AppIcon.jpg */,
				2C64AEC11B8667A2009CD7AE /* businessCard.jpg */,
				2CF9949F1B79443000140B3B /* DPAppDelegate.h */,
				2CF994A01B79443000140B3B /* DPAppDelegate.m */,
				2CF994A21B79443000140B3B /* Main_iPhone.storyboard */,
				2C26491F1B799566000BEC40 /* Digidex Kit */,
				2C42BE481B8397A200475433 /* Vendor */,
				2CF994CB1B7949F400140B3B /* DPRootCollectionViewController.h */,
				2CF994CC1B7949F400140B3B /* DPRootCollectionViewController.m */,
				2C2649401B7A5C03000BEC40 /* DPCardCellView.h */,
				2C2649411B7A5C03000BEC40 /* DPCardCellView.m */,
				2CAEE00E1B8A61D800989C1C /* Create new card */,
				2CFBC9D41B7B93D200705932 /* Detail Table View */,
				C69CFC151B811FB200D98C7D /* QR Code Scanner */,
				2CF994AB1B79443000140B3B /* Images.xcassets */,
				2CF994971B79443000140B3B /* Supporting Files */,
				C6476DE31B803B840065D89F /* Launch Screen.xib */,
			);
			path = "Digidex Pro";
			sourceTree = "<group>";
		};
		2CF994971B79443000140B3B /* Supporting Files */ = {
			isa = PBXGroup;
			children = (
				2CF994981B79443000140B3B /* Digidex Pro-Info.plist */,
				2CF994991B79443000140B3B /* InfoPlist.strings */,
				2CF9949C1B79443000140B3B /* main.m */,
				2CF9949E1B79443000140B3B /* Digidex Pro-Prefix.pch */,
			);
			name = "Supporting Files";
			sourceTree = "<group>";
		};
		2CF994B81B79443000140B3B /* Digidex ProTests */ = {
			isa = PBXGroup;
			children = (
				2CF994BE1B79443000140B3B /* Digidex_ProTests.m */,
				2CF994B91B79443000140B3B /* Supporting Files */,
			);
			path = "Digidex ProTests";
			sourceTree = "<group>";
		};
		2CF994B91B79443000140B3B /* Supporting Files */ = {
			isa = PBXGroup;
			children = (
				2CF994BA1B79443000140B3B /* Digidex ProTests-Info.plist */,
				2CF994BB1B79443000140B3B /* InfoPlist.strings */,
			);
			name = "Supporting Files";
			sourceTree = "<group>";
		};
		2CFBC9D41B7B93D200705932 /* Detail Table View */ = {
			isa = PBXGroup;
			children = (
				2CFBC9D51B7B953900705932 /* DPDetailTableViewController.h */,
				2CFBC9D61B7B953900705932 /* DPDetailTableViewController.m */,
				2CFBC9CB1B7B8FF800705932 /* DPImageTableViewCell.h */,
				2CFBC9CC1B7B8FF800705932 /* DPImageTableViewCell.m */,
				2CFBC9CE1B7B93B700705932 /* DPTitleTableViewCell.h */,
				2CFBC9CF1B7B93B700705932 /* DPTitleTableViewCell.m */,
				2CFBC9D11B7B93C000705932 /* DPDetailTableViewCell.h */,
				2CFBC9D21B7B93C000705932 /* DPDetailTableViewCell.m */,
			);
			name = "Detail Table View";
			sourceTree = "<group>";
		};
		C69CFC151B811FB200D98C7D /* QR Code Scanner */ = {
			isa = PBXGroup;
			children = (
				C69CFC191B8121EA00D98C7D /* DPBarcodeScannerViewController.h */,
				C69CFC1A1B8121EA00D98C7D /* DPBarcodeScannerViewController.m */,
			);
			name = "QR Code Scanner";
			sourceTree = "<group>";
		};
/* End PBXGroup section */

/* Begin PBXNativeTarget section */
		2CF9948C1B79443000140B3B /* Digidex Pro */ = {
			isa = PBXNativeTarget;
			buildConfigurationList = 2CF994C21B79443000140B3B /* Build configuration list for PBXNativeTarget "Digidex Pro" */;
			buildPhases = (
				2CF994891B79443000140B3B /* Sources */,
				2CF9948A1B79443000140B3B /* Frameworks */,
				2CF9948B1B79443000140B3B /* Resources */,
			);
			buildRules = (
			);
			dependencies = (
			);
			name = "Digidex Pro";
			productName = "Digidex Pro";
			productReference = 2CF9948D1B79443000140B3B /* Digidex Pro.app */;
			productType = "com.apple.product-type.application";
		};
		2CF994B01B79443000140B3B /* Digidex ProTests */ = {
			isa = PBXNativeTarget;
			buildConfigurationList = 2CF994C51B79443000140B3B /* Build configuration list for PBXNativeTarget "Digidex ProTests" */;
			buildPhases = (
				2CF994AD1B79443000140B3B /* Sources */,
				2CF994AE1B79443000140B3B /* Frameworks */,
				2CF994AF1B79443000140B3B /* Resources */,
			);
			buildRules = (
			);
			dependencies = (
				2CF994B71B79443000140B3B /* PBXTargetDependency */,
			);
			name = "Digidex ProTests";
			productName = "Digidex ProTests";
			productReference = 2CF994B11B79443000140B3B /* Digidex ProTests.xctest */;
			productType = "com.apple.product-type.bundle.unit-test";
		};
/* End PBXNativeTarget section */

/* Begin PBXProject section */
		2CF994851B79443000140B3B /* Project object */ = {
			isa = PBXProject;
			attributes = {
				CLASSPREFIX = DP;
				LastUpgradeCheck = 0510;
				ORGANIZATIONNAME = "Avery Pierce";
				TargetAttributes = {
					2CF9948C1B79443000140B3B = {
						DevelopmentTeam = BU7LJXTUEW;
					};
					2CF994B01B79443000140B3B = {
						TestTargetID = 2CF9948C1B79443000140B3B;
					};
				};
			};
			buildConfigurationList = 2CF994881B79443000140B3B /* Build configuration list for PBXProject "Digidex Pro" */;
			compatibilityVersion = "Xcode 3.2";
			developmentRegion = English;
			hasScannedForEncodings = 0;
			knownRegions = (
				en,
				Base,
			);
			mainGroup = 2CF994841B79443000140B3B;
			productRefGroup = 2CF9948E1B79443000140B3B /* Products */;
			projectDirPath = "";
			projectRoot = "";
			targets = (
				2CF9948C1B79443000140B3B /* Digidex Pro */,
				2CF994B01B79443000140B3B /* Digidex ProTests */,
			);
		};
/* End PBXProject section */

/* Begin PBXResourcesBuildPhase section */
		2CF9948B1B79443000140B3B /* Resources */ = {
			isa = PBXResourcesBuildPhase;
			buildActionMask = 2147483647;
			files = (
				2C64AEC21B8667A2009CD7AE /* businessCard.jpg in Resources */,
				2CF994AC1B79443000140B3B /* Images.xcassets in Resources */,
				2CF994A41B79443000140B3B /* Main_iPhone.storyboard in Resources */,
				2CF9949B1B79443000140B3B /* InfoPlist.strings in Resources */,
				2CAEE0191B8A7BFA00989C1C /* uploadPlaceholderImage.png in Resources */,
				C6476DE41B803B840065D89F /* Launch Screen.xib in Resources */,
				2CAEE01B1B8A846400989C1C /* AppIcon.jpg in Resources */,
			);
			runOnlyForDeploymentPostprocessing = 0;
		};
		2CF994AF1B79443000140B3B /* Resources */ = {
			isa = PBXResourcesBuildPhase;
			buildActionMask = 2147483647;
			files = (
				2CF994BD1B79443000140B3B /* InfoPlist.strings in Resources */,
			);
			runOnlyForDeploymentPostprocessing = 0;
		};
/* End PBXResourcesBuildPhase section */

/* Begin PBXSourcesBuildPhase section */
		2CF994891B79443000140B3B /* Sources */ = {
			isa = PBXSourcesBuildPhase;
			buildActionMask = 2147483647;
			files = (
				2C26493E1B7996D3000BEC40 /* DKManagedCard.m in Sources */,
				2C26493F1B7996D3000BEC40 /* DKManagedTag.m in Sources */,
				2C64AEDB1B8678B1009CD7AE /* AFSecurityPolicy.m in Sources */,
				2C64AED81B8678B1009CD7AE /* AFHTTPRequestOperationManager.m in Sources */,
				2C64AED71B8678B1009CD7AE /* AFHTTPRequestOperation.m in Sources */,
				2CFBC9D71B7B953900705932 /* DPDetailTableViewController.m in Sources */,
				2CF994CD1B7949F400140B3B /* DPRootCollectionViewController.m in Sources */,
				2C26493D1B7996D3000BEC40 /* DKDataStore.m in Sources */,
				2CFBC9CD1B7B8FF800705932 /* DPImageTableViewCell.m in Sources */,
				2CF994A11B79443000140B3B /* DPAppDelegate.m in Sources */,
				2CAEE00D1B8A61BE00989C1C /* DPTextFieldTableViewCell.m in Sources */,
				2CF9949D1B79443000140B3B /* main.m in Sources */,
				2C2649421B7A5C03000BEC40 /* DPCardCellView.m in Sources */,
				2C26493C1B7996D3000BEC40 /* DigidexKit.m in Sources */,
				2CAEE0141B8A645300989C1C /* DPLargeButtonTableViewCell.m in Sources */,
				2C64AED91B8678B1009CD7AE /* AFHTTPSessionManager.m in Sources */,
				2C26493B1B7996D3000BEC40 /* CardDataModel.xcdatamodeld in Sources */,
				2CAEE0171B8A729700989C1C /* DPTableViewTextField.m in Sources */,
				2CFBC9D01B7B93B700705932 /* DPTitleTableViewCell.m in Sources */,
				2CAEE00A1B88FED000989C1C /* DPCreateCardTableViewController.m in Sources */,
				2C64AEDC1B8678B1009CD7AE /* AFURLConnectionOperation.m in Sources */,
				2C64AEDD1B8678B1009CD7AE /* AFURLRequestSerialization.m in Sources */,
				2C64AEDF1B8678B1009CD7AE /* AFURLSessionManager.m in Sources */,
				2C64AEDE1B8678B1009CD7AE /* AFURLResponseSerialization.m in Sources */,
				2C42BE471B83979B00475433 /* HTMLNode+XPath.m in Sources */,
				2CFBC9D31B7B93C000705932 /* DPDetailTableViewCell.m in Sources */,
				2C42BE451B83979B00475433 /* HTMLDocument.m in Sources */,
				C69CFC1B1B8121EA00D98C7D /* DPBarcodeScannerViewController.m in Sources */,
				2C42BE461B83979B00475433 /* HTMLNode.m in Sources */,
				2C64AEDA1B8678B1009CD7AE /* AFNetworkReachabilityManager.m in Sources */,
				2CF994CA1B79495600140B3B /* CHTCollectionViewWaterfallLayout.m in Sources */,
				2CAEE0111B8A62D300989C1C /* DPEditableKeyValueTableViewCell.m in Sources */,
			);
			runOnlyForDeploymentPostprocessing = 0;
		};
		2CF994AD1B79443000140B3B /* Sources */ = {
			isa = PBXSourcesBuildPhase;
			buildActionMask = 2147483647;
			files = (
				2CF994BF1B79443000140B3B /* Digidex_ProTests.m in Sources */,
			);
			runOnlyForDeploymentPostprocessing = 0;
		};
/* End PBXSourcesBuildPhase section */

/* Begin PBXTargetDependency section */
		2CF994B71B79443000140B3B /* PBXTargetDependency */ = {
			isa = PBXTargetDependency;
			target = 2CF9948C1B79443000140B3B /* Digidex Pro */;
			targetProxy = 2CF994B61B79443000140B3B /* PBXContainerItemProxy */;
		};
/* End PBXTargetDependency section */

/* Begin PBXVariantGroup section */
		2CF994991B79443000140B3B /* InfoPlist.strings */ = {
			isa = PBXVariantGroup;
			children = (
				2CF9949A1B79443000140B3B /* en */,
			);
			name = InfoPlist.strings;
			sourceTree = "<group>";
		};
		2CF994A21B79443000140B3B /* Main_iPhone.storyboard */ = {
			isa = PBXVariantGroup;
			children = (
				2CF994A31B79443000140B3B /* Base */,
			);
			name = Main_iPhone.storyboard;
			sourceTree = "<group>";
		};
		2CF994BB1B79443000140B3B /* InfoPlist.strings */ = {
			isa = PBXVariantGroup;
			children = (
				2CF994BC1B79443000140B3B /* en */,
			);
			name = InfoPlist.strings;
			sourceTree = "<group>";
		};
/* End PBXVariantGroup section */

/* Begin XCBuildConfiguration section */
		2CF994C01B79443000140B3B /* Debug */ = {
			isa = XCBuildConfiguration;
			buildSettings = {
				ALWAYS_SEARCH_USER_PATHS = NO;
				CLANG_CXX_LANGUAGE_STANDARD = "gnu++0x";
				CLANG_CXX_LIBRARY = "libc++";
				CLANG_ENABLE_MODULES = YES;
				CLANG_ENABLE_OBJC_ARC = YES;
				CLANG_WARN_BOOL_CONVERSION = YES;
				CLANG_WARN_CONSTANT_CONVERSION = YES;
				CLANG_WARN_DIRECT_OBJC_ISA_USAGE = YES_ERROR;
				CLANG_WARN_EMPTY_BODY = YES;
				CLANG_WARN_ENUM_CONVERSION = YES;
				CLANG_WARN_INT_CONVERSION = YES;
				CLANG_WARN_OBJC_ROOT_CLASS = YES_ERROR;
				CLANG_WARN__DUPLICATE_METHOD_MATCH = YES;
				"CODE_SIGN_IDENTITY[sdk=iphoneos*]" = "iPhone Developer";
				COPY_PHASE_STRIP = NO;
				GCC_C_LANGUAGE_STANDARD = gnu99;
				GCC_DYNAMIC_NO_PIC = NO;
				GCC_OPTIMIZATION_LEVEL = 0;
				GCC_PREPROCESSOR_DEFINITIONS = (
					"DEBUG=1",
					"$(inherited)",
				);
				GCC_SYMBOLS_PRIVATE_EXTERN = NO;
				GCC_WARN_64_TO_32_BIT_CONVERSION = YES;
				GCC_WARN_ABOUT_RETURN_TYPE = YES_ERROR;
				GCC_WARN_UNDECLARED_SELECTOR = YES;
				GCC_WARN_UNINITIALIZED_AUTOS = YES_AGGRESSIVE;
				GCC_WARN_UNUSED_FUNCTION = YES;
				GCC_WARN_UNUSED_VARIABLE = YES;
				HEADER_SEARCH_PATHS = (
					"$(inherited)",
					/Applications/Xcode.app/Contents/Developer/Toolchains/XcodeDefault.xctoolchain/usr/include,
					$SDKROOT/usr/include/libxml2,
				);
				IPHONEOS_DEPLOYMENT_TARGET = 7.1;
				ONLY_ACTIVE_ARCH = YES;
				OTHER_LDFLAGS = "-lxml2";
				SDKROOT = iphoneos;
				TARGETED_DEVICE_FAMILY = "1,2";
			};
			name = Debug;
		};
		2CF994C11B79443000140B3B /* Release */ = {
			isa = XCBuildConfiguration;
			buildSettings = {
				ALWAYS_SEARCH_USER_PATHS = NO;
				CLANG_CXX_LANGUAGE_STANDARD = "gnu++0x";
				CLANG_CXX_LIBRARY = "libc++";
				CLANG_ENABLE_MODULES = YES;
				CLANG_ENABLE_OBJC_ARC = YES;
				CLANG_WARN_BOOL_CONVERSION = YES;
				CLANG_WARN_CONSTANT_CONVERSION = YES;
				CLANG_WARN_DIRECT_OBJC_ISA_USAGE = YES_ERROR;
				CLANG_WARN_EMPTY_BODY = YES;
				CLANG_WARN_ENUM_CONVERSION = YES;
				CLANG_WARN_INT_CONVERSION = YES;
				CLANG_WARN_OBJC_ROOT_CLASS = YES_ERROR;
				CLANG_WARN__DUPLICATE_METHOD_MATCH = YES;
				"CODE_SIGN_IDENTITY[sdk=iphoneos*]" = "iPhone Developer";
				COPY_PHASE_STRIP = YES;
				ENABLE_NS_ASSERTIONS = NO;
				GCC_C_LANGUAGE_STANDARD = gnu99;
				GCC_WARN_64_TO_32_BIT_CONVERSION = YES;
				GCC_WARN_ABOUT_RETURN_TYPE = YES_ERROR;
				GCC_WARN_UNDECLARED_SELECTOR = YES;
				GCC_WARN_UNINITIALIZED_AUTOS = YES_AGGRESSIVE;
				GCC_WARN_UNUSED_FUNCTION = YES;
				GCC_WARN_UNUSED_VARIABLE = YES;
				IPHONEOS_DEPLOYMENT_TARGET = 7.1;
				OTHER_LDFLAGS = "-lxml2";
				SDKROOT = iphoneos;
				TARGETED_DEVICE_FAMILY = "1,2";
				VALIDATE_PRODUCT = YES;
			};
			name = Release;
		};
		2CF994C31B79443000140B3B /* Debug */ = {
			isa = XCBuildConfiguration;
			buildSettings = {
				ASSETCATALOG_COMPILER_APPICON_NAME = AppIcon;
				ASSETCATALOG_COMPILER_LAUNCHIMAGE_NAME = LaunchImage;
				CODE_SIGN_IDENTITY = "iPhone Developer";
				"CODE_SIGN_IDENTITY[sdk=iphoneos*]" = "iPhone Developer";
				GCC_PRECOMPILE_PREFIX_HEADER = YES;
				GCC_PREFIX_HEADER = "Digidex Pro/Digidex Pro-Prefix.pch";
				INFOPLIST_FILE = "Digidex Pro/Digidex Pro-Info.plist";
				LIBRARY_SEARCH_PATHS = (
					"$(inherited)",
					"$(USER_LIBRARY_DIR)/Developer/Xcode/DerivedData/Digidex-cxcukeqfygeewpaleogxstwtarqg/Build/Products/Debug-iphoneos",
				);
				PRODUCT_NAME = "$(TARGET_NAME)";
				PROVISIONING_PROFILE = "";
				WRAPPER_EXTENSION = app;
			};
			name = Debug;
		};
		2CF994C41B79443000140B3B /* Release */ = {
			isa = XCBuildConfiguration;
			buildSettings = {
				ASSETCATALOG_COMPILER_APPICON_NAME = AppIcon;
				ASSETCATALOG_COMPILER_LAUNCHIMAGE_NAME = LaunchImage;
				CODE_SIGN_IDENTITY = "iPhone Distribution";
				"CODE_SIGN_IDENTITY[sdk=iphoneos*]" = "iPhone Distribution";
				GCC_PRECOMPILE_PREFIX_HEADER = YES;
				GCC_PREFIX_HEADER = "Digidex Pro/Digidex Pro-Prefix.pch";
				HEADER_SEARCH_PATHS = (
					"$(inherited)",
					/Applications/Xcode.app/Contents/Developer/Toolchains/XcodeDefault.xctoolchain/usr/include,
					$SDKROOT/usr/include/libxml2,
				);
				INFOPLIST_FILE = "Digidex Pro/Digidex Pro-Info.plist";
				LIBRARY_SEARCH_PATHS = (
					"$(inherited)",
					"$(USER_LIBRARY_DIR)/Developer/Xcode/DerivedData/Digidex-cxcukeqfygeewpaleogxstwtarqg/Build/Products/Debug-iphoneos",
				);
				PRODUCT_NAME = "$(TARGET_NAME)";
				PROVISIONING_PROFILE = "";
				WRAPPER_EXTENSION = app;
			};
			name = Release;
		};
		2CF994C61B79443000140B3B /* Debug */ = {
			isa = XCBuildConfiguration;
			buildSettings = {
				BUNDLE_LOADER = "$(BUILT_PRODUCTS_DIR)/Digidex Pro.app/Digidex Pro";
				FRAMEWORK_SEARCH_PATHS = (
					"$(SDKROOT)/Developer/Library/Frameworks",
					"$(inherited)",
					"$(DEVELOPER_FRAMEWORKS_DIR)",
				);
				GCC_PRECOMPILE_PREFIX_HEADER = YES;
				GCC_PREFIX_HEADER = "Digidex Pro/Digidex Pro-Prefix.pch";
				GCC_PREPROCESSOR_DEFINITIONS = (
					"DEBUG=1",
					"$(inherited)",
				);
				INFOPLIST_FILE = "Digidex ProTests/Digidex ProTests-Info.plist";
				PRODUCT_NAME = "$(TARGET_NAME)";
				TEST_HOST = "$(BUNDLE_LOADER)";
				WRAPPER_EXTENSION = xctest;
			};
			name = Debug;
		};
		2CF994C71B79443000140B3B /* Release */ = {
			isa = XCBuildConfiguration;
			buildSettings = {
				BUNDLE_LOADER = "$(BUILT_PRODUCTS_DIR)/Digidex Pro.app/Digidex Pro";
				FRAMEWORK_SEARCH_PATHS = (
					"$(SDKROOT)/Developer/Library/Frameworks",
					"$(inherited)",
					"$(DEVELOPER_FRAMEWORKS_DIR)",
				);
				GCC_PRECOMPILE_PREFIX_HEADER = YES;
				GCC_PREFIX_HEADER = "Digidex Pro/Digidex Pro-Prefix.pch";
				INFOPLIST_FILE = "Digidex ProTests/Digidex ProTests-Info.plist";
				PRODUCT_NAME = "$(TARGET_NAME)";
				TEST_HOST = "$(BUNDLE_LOADER)";
				WRAPPER_EXTENSION = xctest;
			};
			name = Release;
		};
/* End XCBuildConfiguration section */

/* Begin XCConfigurationList section */
		2CF994881B79443000140B3B /* Build configuration list for PBXProject "Digidex Pro" */ = {
			isa = XCConfigurationList;
			buildConfigurations = (
				2CF994C01B79443000140B3B /* Debug */,
				2CF994C11B79443000140B3B /* Release */,
			);
			defaultConfigurationIsVisible = 0;
			defaultConfigurationName = Release;
		};
		2CF994C21B79443000140B3B /* Build configuration list for PBXNativeTarget "Digidex Pro" */ = {
			isa = XCConfigurationList;
			buildConfigurations = (
				2CF994C31B79443000140B3B /* Debug */,
				2CF994C41B79443000140B3B /* Release */,
			);
			defaultConfigurationIsVisible = 0;
			defaultConfigurationName = Release;
		};
		2CF994C51B79443000140B3B /* Build configuration list for PBXNativeTarget "Digidex ProTests" */ = {
			isa = XCConfigurationList;
			buildConfigurations = (
				2CF994C61B79443000140B3B /* Debug */,
				2CF994C71B79443000140B3B /* Release */,
			);
			defaultConfigurationIsVisible = 0;
			defaultConfigurationName = Release;
		};
/* End XCConfigurationList section */

/* Begin XCVersionGroup section */
		2C2649311B7996D3000BEC40 /* CardDataModel.xcdatamodeld */ = {
			isa = XCVersionGroup;
			children = (
				2C2649321B7996D3000BEC40 /* CardDataModel.xcdatamodel */,
			);
			currentVersion = 2C2649321B7996D3000BEC40 /* CardDataModel.xcdatamodel */;
			path = CardDataModel.xcdatamodeld;
			sourceTree = "<group>";
			versionGroupType = wrapper.xcdatamodel;
		};
/* End XCVersionGroup section */
	};
	rootObject = 2CF994851B79443000140B3B /* Project object */;
}
